
Microsoft Visual Studio Solution File, Format Version 12.00
# Visual Studio Version 17
VisualStudioVersion = 17.5.33424.131
MinimumVisualStudioVersion = 10.0.40219.1
Project("{8BC9CEB8-8B4A-11D0-8D11-00A0C91BC942}") = "001_AR47Start", "001_AR47Start\001_AR47Start.vcxproj", "{C11912BA-6311-4705-8372-2C7452A0104A}"
EndProject
Project("{8BC9CEB8-8B4A-11D0-8D11-00A0C91BC942}") = "002_Compile", "002_Compile\002_Compile.vcxproj", "{A57320D0-45F5-47D4-8579-F90807D1DE73}"
EndProject
Project("{8BC9CEB8-8B4A-11D0-8D11-00A0C91BC942}") = "003_MainFunction", "003_MainFunction\003_MainFunction.vcxproj", "{FACFFD64-3C7D-4061-AD53-BEFC8B2650FE}"
EndProject
Project("{8BC9CEB8-8B4A-11D0-8D11-00A0C91BC942}") = "004_Variable", "004_Variable\004_Variable.vcxproj", "{C69EC5C1-A4FF-4F9C-9075-037275504C06}"
EndProject
Project("{8BC9CEB8-8B4A-11D0-8D11-00A0C91BC942}") = "005_Operator000", "005_Operator000\005_Operator000.vcxproj", "{B463BC2C-171C-4CC9-8165-A1A09FAEC610}"
EndProject
Project("{8BC9CEB8-8B4A-11D0-8D11-00A0C91BC942}") = "006_InitOrCopy", "006_InitOrCopy\006_InitOrCopy.vcxproj", "{63295ACA-AE8F-4B9D-B7C6-F90D344AEEFC}"
EndProject
Project("{8BC9CEB8-8B4A-11D0-8D11-00A0C91BC942}") = "007_Oprator001", "007_Oprator001\007_Oprator001.vcxproj", "{D67E9344-E952-41E8-9D72-2CB0DBC0910C}"
EndProject
Project("{8BC9CEB8-8B4A-11D0-8D11-00A0C91BC942}") = "008_Bit", "008_Bit\008_Bit.vcxproj", "{93BF6AC7-CC3C-44C0-862D-45E0695D3546}"
EndProject
Project("{8BC9CEB8-8B4A-11D0-8D11-00A0C91BC942}") = "009_Semicolon", "009_Semicolon\009_Semicolon.vcxproj", "{AEB905AA-74CE-4873-87EC-6A7F47AF7E80}"
EndProject
Project("{8BC9CEB8-8B4A-11D0-8D11-00A0C91BC942}") = "010_Operator002", "010_Operator002\010_Operator002.vcxproj", "{46AAB743-57A8-4739-8B12-0AF05DF07FDE}"
EndProject
Project("{8BC9CEB8-8B4A-11D0-8D11-00A0C91BC942}") = "011_Operator003", "011_Operator003\011_Operator003.vcxproj", "{CBFFDD49-A172-4700-9142-313986C79E3B}"
EndProject
Project("{8BC9CEB8-8B4A-11D0-8D11-00A0C91BC942}") = "012_FunctionAndMemory", "012_FunctionAndMemory\012_FunctionAndMemory.vcxproj", "{2CA43391-F5A9-42FC-95DC-B99E41403EED}"
EndProject
Project("{8BC9CEB8-8B4A-11D0-8D11-00A0C91BC942}") = "013_Function", "013_Function\013_Function.vcxproj", "{EDDAFED2-FDA8-43A7-8700-9667E38DEA6A}"
EndProject
Project("{8BC9CEB8-8B4A-11D0-8D11-00A0C91BC942}") = "014_Unsigned", "014_Unsigned\014_Unsigned.vcxproj", "{5217CEF2-C5CC-4529-8EAB-79373F60BD0F}"
EndProject
Project("{8BC9CEB8-8B4A-11D0-8D11-00A0C91BC942}") = "015_Character", "015_Character\015_Character.vcxproj", "{F9621BE8-ED79-4F80-BE8E-6C7F0D1EE425}"
EndProject
Project("{8BC9CEB8-8B4A-11D0-8D11-00A0C91BC942}") = "017_Printf", "017_Printf\017_Printf.vcxproj", "{3911F90E-0091-4D04-A66D-D93DD12A3B63}"
EndProject
Project("{8BC9CEB8-8B4A-11D0-8D11-00A0C91BC942}") = "016_ArrayToString", "016_ArrayToString\016_ArrayToString.vcxproj", "{15255B8E-DAAB-4124-90AA-4FD37AA658B1}"
EndProject
Project("{8BC9CEB8-8B4A-11D0-8D11-00A0C91BC942}") = "019_Inline001", "019_Inline\019_Inline.vcxproj", "{8A398D6A-B440-408D-9CA0-0715240C74E3}"
EndProject
Project("{8BC9CEB8-8B4A-11D0-8D11-00A0C91BC942}") = "018_Const001", "018_Const001\018_Const001.vcxproj", "{1D778276-84F4-457B-B3DE-030199E1FB52}"
EndProject
Project("{8BC9CEB8-8B4A-11D0-8D11-00A0C91BC942}") = "021_Pointer001", "021_Pointer001\021_Pointer001.vcxproj", "{94BB6FC9-A728-46AA-883E-298AA945A077}"
EndProject
Project("{8BC9CEB8-8B4A-11D0-8D11-00A0C91BC942}") = "022_PointerOperator", "022_PointerOperator\022_PointerOperator.vcxproj", "{9542F86C-A905-4773-BD86-06266DB05B1E}"
EndProject
Project("{8BC9CEB8-8B4A-11D0-8D11-00A0C91BC942}") = "020_Pointer000", "020_Pointer000\020_Pointer000.vcxproj", "{97A1CCAC-B6D2-4B63-A8D4-A54F3DA42256}"
EndProject
Project("{8BC9CEB8-8B4A-11D0-8D11-00A0C91BC942}") = "023_Nullptr", "023_Nullptr\023_Nullptr.vcxproj", "{ECF8078C-95EC-437A-A2C2-C80FEED5DE8D}"
EndProject
Global
	GlobalSection(SolutionConfigurationPlatforms) = preSolution
		Debug|x64 = Debug|x64
		Debug|x86 = Debug|x86
		Release|x64 = Release|x64
		Release|x86 = Release|x86
	EndGlobalSection
	GlobalSection(ProjectConfigurationPlatforms) = postSolution
		{C11912BA-6311-4705-8372-2C7452A0104A}.Debug|x64.ActiveCfg = Debug|x64
		{C11912BA-6311-4705-8372-2C7452A0104A}.Debug|x64.Build.0 = Debug|x64
		{C11912BA-6311-4705-8372-2C7452A0104A}.Debug|x86.ActiveCfg = Debug|Win32
		{C11912BA-6311-4705-8372-2C7452A0104A}.Debug|x86.Build.0 = Debug|Win32
		{C11912BA-6311-4705-8372-2C7452A0104A}.Release|x64.ActiveCfg = Release|x64
		{C11912BA-6311-4705-8372-2C7452A0104A}.Release|x64.Build.0 = Release|x64
		{C11912BA-6311-4705-8372-2C7452A0104A}.Release|x86.ActiveCfg = Release|Win32
		{C11912BA-6311-4705-8372-2C7452A0104A}.Release|x86.Build.0 = Release|Win32
		{A57320D0-45F5-47D4-8579-F90807D1DE73}.Debug|x64.ActiveCfg = Debug|x64
		{A57320D0-45F5-47D4-8579-F90807D1DE73}.Debug|x64.Build.0 = Debug|x64
		{A57320D0-45F5-47D4-8579-F90807D1DE73}.Debug|x86.ActiveCfg = Debug|Win32
		{A57320D0-45F5-47D4-8579-F90807D1DE73}.Debug|x86.Build.0 = Debug|Win32
		{A57320D0-45F5-47D4-8579-F90807D1DE73}.Release|x64.ActiveCfg = Release|x64
		{A57320D0-45F5-47D4-8579-F90807D1DE73}.Release|x64.Build.0 = Release|x64
		{A57320D0-45F5-47D4-8579-F90807D1DE73}.Release|x86.ActiveCfg = Release|Win32
		{A57320D0-45F5-47D4-8579-F90807D1DE73}.Release|x86.Build.0 = Release|Win32
		{FACFFD64-3C7D-4061-AD53-BEFC8B2650FE}.Debug|x64.ActiveCfg = Debug|x64
		{FACFFD64-3C7D-4061-AD53-BEFC8B2650FE}.Debug|x64.Build.0 = Debug|x64
		{FACFFD64-3C7D-4061-AD53-BEFC8B2650FE}.Debug|x86.ActiveCfg = Debug|Win32
		{FACFFD64-3C7D-4061-AD53-BEFC8B2650FE}.Debug|x86.Build.0 = Debug|Win32
		{FACFFD64-3C7D-4061-AD53-BEFC8B2650FE}.Release|x64.ActiveCfg = Release|x64
		{FACFFD64-3C7D-4061-AD53-BEFC8B2650FE}.Release|x64.Build.0 = Release|x64
		{FACFFD64-3C7D-4061-AD53-BEFC8B2650FE}.Release|x86.ActiveCfg = Release|Win32
		{FACFFD64-3C7D-4061-AD53-BEFC8B2650FE}.Release|x86.Build.0 = Release|Win32
		{C69EC5C1-A4FF-4F9C-9075-037275504C06}.Debug|x64.ActiveCfg = Debug|x64
		{C69EC5C1-A4FF-4F9C-9075-037275504C06}.Debug|x64.Build.0 = Debug|x64
		{C69EC5C1-A4FF-4F9C-9075-037275504C06}.Debug|x86.ActiveCfg = Debug|Win32
		{C69EC5C1-A4FF-4F9C-9075-037275504C06}.Debug|x86.Build.0 = Debug|Win32
		{C69EC5C1-A4FF-4F9C-9075-037275504C06}.Release|x64.ActiveCfg = Release|x64
		{C69EC5C1-A4FF-4F9C-9075-037275504C06}.Release|x64.Build.0 = Release|x64
		{C69EC5C1-A4FF-4F9C-9075-037275504C06}.Release|x86.ActiveCfg = Release|Win32
		{C69EC5C1-A4FF-4F9C-9075-037275504C06}.Release|x86.Build.0 = Release|Win32
		{B463BC2C-171C-4CC9-8165-A1A09FAEC610}.Debug|x64.ActiveCfg = Debug|x64
		{B463BC2C-171C-4CC9-8165-A1A09FAEC610}.Debug|x64.Build.0 = Debug|x64
		{B463BC2C-171C-4CC9-8165-A1A09FAEC610}.Debug|x86.ActiveCfg = Debug|Win32
		{B463BC2C-171C-4CC9-8165-A1A09FAEC610}.Debug|x86.Build.0 = Debug|Win32
		{B463BC2C-171C-4CC9-8165-A1A09FAEC610}.Release|x64.ActiveCfg = Release|x64
		{B463BC2C-171C-4CC9-8165-A1A09FAEC610}.Release|x64.Build.0 = Release|x64
		{B463BC2C-171C-4CC9-8165-A1A09FAEC610}.Release|x86.ActiveCfg = Release|Win32
		{B463BC2C-171C-4CC9-8165-A1A09FAEC610}.Release|x86.Build.0 = Release|Win32
		{63295ACA-AE8F-4B9D-B7C6-F90D344AEEFC}.Debug|x64.ActiveCfg = Debug|x64
		{63295ACA-AE8F-4B9D-B7C6-F90D344AEEFC}.Debug|x64.Build.0 = Debug|x64
		{63295ACA-AE8F-4B9D-B7C6-F90D344AEEFC}.Debug|x86.ActiveCfg = Debug|Win32
		{63295ACA-AE8F-4B9D-B7C6-F90D344AEEFC}.Debug|x86.Build.0 = Debug|Win32
		{63295ACA-AE8F-4B9D-B7C6-F90D344AEEFC}.Release|x64.ActiveCfg = Release|x64
		{63295ACA-AE8F-4B9D-B7C6-F90D344AEEFC}.Release|x64.Build.0 = Release|x64
		{63295ACA-AE8F-4B9D-B7C6-F90D344AEEFC}.Release|x86.ActiveCfg = Release|Win32
		{63295ACA-AE8F-4B9D-B7C6-F90D344AEEFC}.Release|x86.Build.0 = Release|Win32
		{D67E9344-E952-41E8-9D72-2CB0DBC0910C}.Debug|x64.ActiveCfg = Debug|x64
		{D67E9344-E952-41E8-9D72-2CB0DBC0910C}.Debug|x64.Build.0 = Debug|x64
		{D67E9344-E952-41E8-9D72-2CB0DBC0910C}.Debug|x86.ActiveCfg = Debug|Win32
		{D67E9344-E952-41E8-9D72-2CB0DBC0910C}.Debug|x86.Build.0 = Debug|Win32
		{D67E9344-E952-41E8-9D72-2CB0DBC0910C}.Release|x64.ActiveCfg = Release|x64
		{D67E9344-E952-41E8-9D72-2CB0DBC0910C}.Release|x64.Build.0 = Release|x64
		{D67E9344-E952-41E8-9D72-2CB0DBC0910C}.Release|x86.ActiveCfg = Release|Win32
		{D67E9344-E952-41E8-9D72-2CB0DBC0910C}.Release|x86.Build.0 = Release|Win32
		{93BF6AC7-CC3C-44C0-862D-45E0695D3546}.Debug|x64.ActiveCfg = Debug|x64
		{93BF6AC7-CC3C-44C0-862D-45E0695D3546}.Debug|x64.Build.0 = Debug|x64
		{93BF6AC7-CC3C-44C0-862D-45E0695D3546}.Debug|x86.ActiveCfg = Debug|Win32
		{93BF6AC7-CC3C-44C0-862D-45E0695D3546}.Debug|x86.Build.0 = Debug|Win32
		{93BF6AC7-CC3C-44C0-862D-45E0695D3546}.Release|x64.ActiveCfg = Release|x64
		{93BF6AC7-CC3C-44C0-862D-45E0695D3546}.Release|x64.Build.0 = Release|x64
		{93BF6AC7-CC3C-44C0-862D-45E0695D3546}.Release|x86.ActiveCfg = Release|Win32
		{93BF6AC7-CC3C-44C0-862D-45E0695D3546}.Release|x86.Build.0 = Release|Win32
		{AEB905AA-74CE-4873-87EC-6A7F47AF7E80}.Debug|x64.ActiveCfg = Debug|x64
		{AEB905AA-74CE-4873-87EC-6A7F47AF7E80}.Debug|x64.Build.0 = Debug|x64
		{AEB905AA-74CE-4873-87EC-6A7F47AF7E80}.Debug|x86.ActiveCfg = Debug|Win32
		{AEB905AA-74CE-4873-87EC-6A7F47AF7E80}.Debug|x86.Build.0 = Debug|Win32
		{AEB905AA-74CE-4873-87EC-6A7F47AF7E80}.Release|x64.ActiveCfg = Release|x64
		{AEB905AA-74CE-4873-87EC-6A7F47AF7E80}.Release|x64.Build.0 = Release|x64
		{AEB905AA-74CE-4873-87EC-6A7F47AF7E80}.Release|x86.ActiveCfg = Release|Win32
		{AEB905AA-74CE-4873-87EC-6A7F47AF7E80}.Release|x86.Build.0 = Release|Win32
		{46AAB743-57A8-4739-8B12-0AF05DF07FDE}.Debug|x64.ActiveCfg = Debug|x64
		{46AAB743-57A8-4739-8B12-0AF05DF07FDE}.Debug|x64.Build.0 = Debug|x64
		{46AAB743-57A8-4739-8B12-0AF05DF07FDE}.Debug|x86.ActiveCfg = Debug|Win32
		{46AAB743-57A8-4739-8B12-0AF05DF07FDE}.Debug|x86.Build.0 = Debug|Win32
		{46AAB743-57A8-4739-8B12-0AF05DF07FDE}.Release|x64.ActiveCfg = Release|x64
		{46AAB743-57A8-4739-8B12-0AF05DF07FDE}.Release|x64.Build.0 = Release|x64
		{46AAB743-57A8-4739-8B12-0AF05DF07FDE}.Release|x86.ActiveCfg = Release|Win32
		{46AAB743-57A8-4739-8B12-0AF05DF07FDE}.Release|x86.Build.0 = Release|Win32
		{CBFFDD49-A172-4700-9142-313986C79E3B}.Debug|x64.ActiveCfg = Debug|x64
		{CBFFDD49-A172-4700-9142-313986C79E3B}.Debug|x64.Build.0 = Debug|x64
		{CBFFDD49-A172-4700-9142-313986C79E3B}.Debug|x86.ActiveCfg = Debug|Win32
		{CBFFDD49-A172-4700-9142-313986C79E3B}.Debug|x86.Build.0 = Debug|Win32
		{CBFFDD49-A172-4700-9142-313986C79E3B}.Release|x64.ActiveCfg = Release|x64
		{CBFFDD49-A172-4700-9142-313986C79E3B}.Release|x64.Build.0 = Release|x64
		{CBFFDD49-A172-4700-9142-313986C79E3B}.Release|x86.ActiveCfg = Release|Win32
		{CBFFDD49-A172-4700-9142-313986C79E3B}.Release|x86.Build.0 = Release|Win32
		{2CA43391-F5A9-42FC-95DC-B99E41403EED}.Debug|x64.ActiveCfg = Debug|x64
		{2CA43391-F5A9-42FC-95DC-B99E41403EED}.Debug|x64.Build.0 = Debug|x64
		{2CA43391-F5A9-42FC-95DC-B99E41403EED}.Debug|x86.ActiveCfg = Debug|Win32
		{2CA43391-F5A9-42FC-95DC-B99E41403EED}.Debug|x86.Build.0 = Debug|Win32
		{2CA43391-F5A9-42FC-95DC-B99E41403EED}.Release|x64.ActiveCfg = Release|x64
		{2CA43391-F5A9-42FC-95DC-B99E41403EED}.Release|x64.Build.0 = Release|x64
		{2CA43391-F5A9-42FC-95DC-B99E41403EED}.Release|x86.ActiveCfg = Release|Win32
		{2CA43391-F5A9-42FC-95DC-B99E41403EED}.Release|x86.Build.0 = Release|Win32
		{EDDAFED2-FDA8-43A7-8700-9667E38DEA6A}.Debug|x64.ActiveCfg = Debug|x64
		{EDDAFED2-FDA8-43A7-8700-9667E38DEA6A}.Debug|x64.Build.0 = Debug|x64
		{EDDAFED2-FDA8-43A7-8700-9667E38DEA6A}.Debug|x86.ActiveCfg = Debug|Win32
		{EDDAFED2-FDA8-43A7-8700-9667E38DEA6A}.Debug|x86.Build.0 = Debug|Win32
		{EDDAFED2-FDA8-43A7-8700-9667E38DEA6A}.Release|x64.ActiveCfg = Release|x64
		{EDDAFED2-FDA8-43A7-8700-9667E38DEA6A}.Release|x64.Build.0 = Release|x64
		{EDDAFED2-FDA8-43A7-8700-9667E38DEA6A}.Release|x86.ActiveCfg = Release|Win32
		{EDDAFED2-FDA8-43A7-8700-9667E38DEA6A}.Release|x86.Build.0 = Release|Win32
		{5217CEF2-C5CC-4529-8EAB-79373F60BD0F}.Debug|x64.ActiveCfg = Debug|x64
		{5217CEF2-C5CC-4529-8EAB-79373F60BD0F}.Debug|x64.Build.0 = Debug|x64
		{5217CEF2-C5CC-4529-8EAB-79373F60BD0F}.Debug|x86.ActiveCfg = Debug|Win32
		{5217CEF2-C5CC-4529-8EAB-79373F60BD0F}.Debug|x86.Build.0 = Debug|Win32
		{5217CEF2-C5CC-4529-8EAB-79373F60BD0F}.Release|x64.ActiveCfg = Release|x64
		{5217CEF2-C5CC-4529-8EAB-79373F60BD0F}.Release|x64.Build.0 = Release|x64
		{5217CEF2-C5CC-4529-8EAB-79373F60BD0F}.Release|x86.ActiveCfg = Release|Win32
		{5217CEF2-C5CC-4529-8EAB-79373F60BD0F}.Release|x86.Build.0 = Release|Win32
		{F9621BE8-ED79-4F80-BE8E-6C7F0D1EE425}.Debug|x64.ActiveCfg = Debug|x64
		{F9621BE8-ED79-4F80-BE8E-6C7F0D1EE425}.Debug|x64.Build.0 = Debug|x64
		{F9621BE8-ED79-4F80-BE8E-6C7F0D1EE425}.Debug|x86.ActiveCfg = Debug|Win32
		{F9621BE8-ED79-4F80-BE8E-6C7F0D1EE425}.Debug|x86.Build.0 = Debug|Win32
		{F9621BE8-ED79-4F80-BE8E-6C7F0D1EE425}.Release|x64.ActiveCfg = Release|x64
		{F9621BE8-ED79-4F80-BE8E-6C7F0D1EE425}.Release|x64.Build.0 = Release|x64
		{F9621BE8-ED79-4F80-BE8E-6C7F0D1EE425}.Release|x86.ActiveCfg = Release|Win32
		{F9621BE8-ED79-4F80-BE8E-6C7F0D1EE425}.Release|x86.Build.0 = Release|Win32
		{3911F90E-0091-4D04-A66D-D93DD12A3B63}.Debug|x64.ActiveCfg = Debug|x64
		{3911F90E-0091-4D04-A66D-D93DD12A3B63}.Debug|x64.Build.0 = Debug|x64
		{3911F90E-0091-4D04-A66D-D93DD12A3B63}.Debug|x86.ActiveCfg = Debug|Win32
		{3911F90E-0091-4D04-A66D-D93DD12A3B63}.Debug|x86.Build.0 = Debug|Win32
		{3911F90E-0091-4D04-A66D-D93DD12A3B63}.Release|x64.ActiveCfg = Release|x64
		{3911F90E-0091-4D04-A66D-D93DD12A3B63}.Release|x64.Build.0 = Release|x64
		{3911F90E-0091-4D04-A66D-D93DD12A3B63}.Release|x86.ActiveCfg = Release|Win32
		{3911F90E-0091-4D04-A66D-D93DD12A3B63}.Release|x86.Build.0 = Release|Win32
		{15255B8E-DAAB-4124-90AA-4FD37AA658B1}.Debug|x64.ActiveCfg = Debug|x64
		{15255B8E-DAAB-4124-90AA-4FD37AA658B1}.Debug|x64.Build.0 = Debug|x64
		{15255B8E-DAAB-4124-90AA-4FD37AA658B1}.Debug|x86.ActiveCfg = Debug|Win32
		{15255B8E-DAAB-4124-90AA-4FD37AA658B1}.Debug|x86.Build.0 = Debug|Win32
		{15255B8E-DAAB-4124-90AA-4FD37AA658B1}.Release|x64.ActiveCfg = Release|x64
		{15255B8E-DAAB-4124-90AA-4FD37AA658B1}.Release|x64.Build.0 = Release|x64
		{15255B8E-DAAB-4124-90AA-4FD37AA658B1}.Release|x86.ActiveCfg = Release|Win32
		{15255B8E-DAAB-4124-90AA-4FD37AA658B1}.Release|x86.Build.0 = Release|Win32
		{8A398D6A-B440-408D-9CA0-0715240C74E3}.Debug|x64.ActiveCfg = Debug|x64
		{8A398D6A-B440-408D-9CA0-0715240C74E3}.Debug|x64.Build.0 = Debug|x64
		{8A398D6A-B440-408D-9CA0-0715240C74E3}.Debug|x86.ActiveCfg = Debug|Win32
		{8A398D6A-B440-408D-9CA0-0715240C74E3}.Debug|x86.Build.0 = Debug|Win32
		{8A398D6A-B440-408D-9CA0-0715240C74E3}.Release|x64.ActiveCfg = Release|x64
		{8A398D6A-B440-408D-9CA0-0715240C74E3}.Release|x64.Build.0 = Release|x64
		{8A398D6A-B440-408D-9CA0-0715240C74E3}.Release|x86.ActiveCfg = Release|Win32
		{8A398D6A-B440-408D-9CA0-0715240C74E3}.Release|x86.Build.0 = Release|Win32
		{1D778276-84F4-457B-B3DE-030199E1FB52}.Debug|x64.ActiveCfg = Debug|x64
		{1D778276-84F4-457B-B3DE-030199E1FB52}.Debug|x64.Build.0 = Debug|x64
		{1D778276-84F4-457B-B3DE-030199E1FB52}.Debug|x86.ActiveCfg = Debug|Win32
		{1D778276-84F4-457B-B3DE-030199E1FB52}.Debug|x86.Build.0 = Debug|Win32
		{1D778276-84F4-457B-B3DE-030199E1FB52}.Release|x64.ActiveCfg = Release|x64
		{1D778276-84F4-457B-B3DE-030199E1FB52}.Release|x64.Build.0 = Release|x64
		{1D778276-84F4-457B-B3DE-030199E1FB52}.Release|x86.ActiveCfg = Release|Win32
		{1D778276-84F4-457B-B3DE-030199E1FB52}.Release|x86.Build.0 = Release|Win32
		{94BB6FC9-A728-46AA-883E-298AA945A077}.Debug|x64.ActiveCfg = Debug|x64
		{94BB6FC9-A728-46AA-883E-298AA945A077}.Debug|x64.Build.0 = Debug|x64
		{94BB6FC9-A728-46AA-883E-298AA945A077}.Debug|x86.ActiveCfg = Debug|Win32
		{94BB6FC9-A728-46AA-883E-298AA945A077}.Debug|x86.Build.0 = Debug|Win32
		{94BB6FC9-A728-46AA-883E-298AA945A077}.Release|x64.ActiveCfg = Release|x64
		{94BB6FC9-A728-46AA-883E-298AA945A077}.Release|x64.Build.0 = Release|x64
		{94BB6FC9-A728-46AA-883E-298AA945A077}.Release|x86.ActiveCfg = Release|Win32
		{94BB6FC9-A728-46AA-883E-298AA945A077}.Release|x86.Build.0 = Release|Win32
		{9542F86C-A905-4773-BD86-06266DB05B1E}.Debug|x64.ActiveCfg = Debug|x64
		{9542F86C-A905-4773-BD86-06266DB05B1E}.Debug|x64.Build.0 = Debug|x64
		{9542F86C-A905-4773-BD86-06266DB05B1E}.Debug|x86.ActiveCfg = Debug|Win32
		{9542F86C-A905-4773-BD86-06266DB05B1E}.Debug|x86.Build.0 = Debug|Win32
		{9542F86C-A905-4773-BD86-06266DB05B1E}.Release|x64.ActiveCfg = Release|x64
		{9542F86C-A905-4773-BD86-06266DB05B1E}.Release|x64.Build.0 = Release|x64
		{9542F86C-A905-4773-BD86-06266DB05B1E}.Release|x86.ActiveCfg = Release|Win32
		{9542F86C-A905-4773-BD86-06266DB05B1E}.Release|x86.Build.0 = Release|Win32
		{97A1CCAC-B6D2-4B63-A8D4-A54F3DA42256}.Debug|x64.ActiveCfg = Debug|x64
		{97A1CCAC-B6D2-4B63-A8D4-A54F3DA42256}.Debug|x64.Build.0 = Debug|x64
		{97A1CCAC-B6D2-4B63-A8D4-A54F3DA42256}.Debug|x86.ActiveCfg = Debug|Win32
		{97A1CCAC-B6D2-4B63-A8D4-A54F3DA42256}.Debug|x86.Build.0 = Debug|Win32
		{97A1CCAC-B6D2-4B63-A8D4-A54F3DA42256}.Release|x64.ActiveCfg = Release|x64
		{97A1CCAC-B6D2-4B63-A8D4-A54F3DA42256}.Release|x64.Build.0 = Release|x64
		{97A1CCAC-B6D2-4B63-A8D4-A54F3DA42256}.Release|x86.ActiveCfg = Release|Win32
		{97A1CCAC-B6D2-4B63-A8D4-A54F3DA42256}.Release|x86.Build.0 = Release|Win32
		{ECF8078C-95EC-437A-A2C2-C80FEED5DE8D}.Debug|x64.ActiveCfg = Debug|x64
		{ECF8078C-95EC-437A-A2C2-C80FEED5DE8D}.Debug|x64.Build.0 = Debug|x64
		{ECF8078C-95EC-437A-A2C2-C80FEED5DE8D}.Debug|x86.ActiveCfg = Debug|Win32
		{ECF8078C-95EC-437A-A2C2-C80FEED5DE8D}.Debug|x86.Build.0 = Debug|Win32
		{ECF8078C-95EC-437A-A2C2-C80FEED5DE8D}.Release|x64.ActiveCfg = Release|x64
		{ECF8078C-95EC-437A-A2C2-C80FEED5DE8D}.Release|x64.Build.0 = Release|x64
		{ECF8078C-95EC-437A-A2C2-C80FEED5DE8D}.Release|x86.ActiveCfg = Release|Win32
		{ECF8078C-95EC-437A-A2C2-C80FEED5DE8D}.Release|x86.Build.0 = Release|Win32
	EndGlobalSection
	GlobalSection(SolutionProperties) = preSolution
		HideSolutionNode = FALSE
	EndGlobalSection
	GlobalSection(ExtensibilityGlobals) = postSolution
		SolutionGuid = {8E275C7B-39D5-4486-8838-C87EF999785C}
	EndGlobalSection
EndGlobal
