
Microsoft Visual Studio Solution File, Format Version 12.00
# Visual Studio Version 17
VisualStudioVersion = 17.5.33424.131
MinimumVisualStudioVersion = 10.0.40219.1
Project("{8BC9CEB8-8B4A-11D0-8D11-00A0C91BC942}") = "001_AR47Start", "001_AR47Start\001_AR47Start.vcxproj", "{C11912BA-6311-4705-8372-2C7452A0104A}"
EndProject
Project("{8BC9CEB8-8B4A-11D0-8D11-00A0C91BC942}") = "002_Compile", "002_Compile\002_Compile.vcxproj", "{A57320D0-45F5-47D4-8579-F90807D1DE73}"
EndProject
Project("{8BC9CEB8-8B4A-11D0-8D11-00A0C91BC942}") = "003_MainFunction", "003_MainFunction\003_MainFunction.vcxproj", "{FACFFD64-3C7D-4061-AD53-BEFC8B2650FE}"
EndProject
Project("{8BC9CEB8-8B4A-11D0-8D11-00A0C91BC942}") = "004_Variable", "004_Variable\004_Variable.vcxproj", "{C69EC5C1-A4FF-4F9C-9075-037275504C06}"
EndProject
Project("{8BC9CEB8-8B4A-11D0-8D11-00A0C91BC942}") = "005_Operator000", "005_Operator000\005_Operator000.vcxproj", "{B463BC2C-171C-4CC9-8165-A1A09FAEC610}"
EndProject
Project("{8BC9CEB8-8B4A-11D0-8D11-00A0C91BC942}") = "006_InitOrCopy", "006_InitOrCopy\006_InitOrCopy.vcxproj", "{63295ACA-AE8F-4B9D-B7C6-F90D344AEEFC}"
EndProject
Project("{8BC9CEB8-8B4A-11D0-8D11-00A0C91BC942}") = "008_Bit", "008_Bit\008_Bit.vcxproj", "{93BF6AC7-CC3C-44C0-862D-45E0695D3546}"
EndProject
Project("{8BC9CEB8-8B4A-11D0-8D11-00A0C91BC942}") = "009_Semicolon", "009_Semicolon\009_Semicolon.vcxproj", "{AEB905AA-74CE-4873-87EC-6A7F47AF7E80}"
EndProject
Project("{8BC9CEB8-8B4A-11D0-8D11-00A0C91BC942}") = "010_Operator002", "010_Operator002\010_Operator002.vcxproj", "{46AAB743-57A8-4739-8B12-0AF05DF07FDE}"
EndProject
Project("{8BC9CEB8-8B4A-11D0-8D11-00A0C91BC942}") = "011_Operator003", "011_Operator003\011_Operator003.vcxproj", "{CBFFDD49-A172-4700-9142-313986C79E3B}"
EndProject
Project("{8BC9CEB8-8B4A-11D0-8D11-00A0C91BC942}") = "012_FunctionAndMemory", "012_FunctionAndMemory\012_FunctionAndMemory.vcxproj", "{2CA43391-F5A9-42FC-95DC-B99E41403EED}"
EndProject
Project("{8BC9CEB8-8B4A-11D0-8D11-00A0C91BC942}") = "013_Function", "013_Function\013_Function.vcxproj", "{EDDAFED2-FDA8-43A7-8700-9667E38DEA6A}"
EndProject
Project("{8BC9CEB8-8B4A-11D0-8D11-00A0C91BC942}") = "014_Unsigned", "014_Unsigned\014_Unsigned.vcxproj", "{5217CEF2-C5CC-4529-8EAB-79373F60BD0F}"
EndProject
Project("{8BC9CEB8-8B4A-11D0-8D11-00A0C91BC942}") = "015_Character", "015_Character\015_Character.vcxproj", "{F9621BE8-ED79-4F80-BE8E-6C7F0D1EE425}"
EndProject
Project("{8BC9CEB8-8B4A-11D0-8D11-00A0C91BC942}") = "017_Printf", "017_Printf\017_Printf.vcxproj", "{3911F90E-0091-4D04-A66D-D93DD12A3B63}"
EndProject
Project("{8BC9CEB8-8B4A-11D0-8D11-00A0C91BC942}") = "016_ArrayToString", "016_ArrayToString\016_ArrayToString.vcxproj", "{15255B8E-DAAB-4124-90AA-4FD37AA658B1}"
EndProject
Project("{8BC9CEB8-8B4A-11D0-8D11-00A0C91BC942}") = "019_Inline001", "019_Inline\019_Inline.vcxproj", "{8A398D6A-B440-408D-9CA0-0715240C74E3}"
EndProject
Project("{8BC9CEB8-8B4A-11D0-8D11-00A0C91BC942}") = "018_Const001", "018_Const001\018_Const001.vcxproj", "{1D778276-84F4-457B-B3DE-030199E1FB52}"
EndProject
Project("{8BC9CEB8-8B4A-11D0-8D11-00A0C91BC942}") = "021_Pointer001", "021_Pointer001\021_Pointer001.vcxproj", "{94BB6FC9-A728-46AA-883E-298AA945A077}"
EndProject
Project("{8BC9CEB8-8B4A-11D0-8D11-00A0C91BC942}") = "022_PointerOperator", "022_PointerOperator\022_PointerOperator.vcxproj", "{9542F86C-A905-4773-BD86-06266DB05B1E}"
EndProject
Project("{8BC9CEB8-8B4A-11D0-8D11-00A0C91BC942}") = "020_Pointer000", "020_Pointer000\020_Pointer000.vcxproj", "{97A1CCAC-B6D2-4B63-A8D4-A54F3DA42256}"
EndProject
Project("{8BC9CEB8-8B4A-11D0-8D11-00A0C91BC942}") = "023_Nullptr", "023_Nullptr\023_Nullptr.vcxproj", "{ECF8078C-95EC-437A-A2C2-C80FEED5DE8D}"
EndProject
Project("{8BC9CEB8-8B4A-11D0-8D11-00A0C91BC942}") = "007_Operator001", "007_Operator001\007_Operator001.vcxproj", "{09CF4145-0218-4FD0-B17B-AE201CE2B267}"
EndProject
Project("{8BC9CEB8-8B4A-11D0-8D11-00A0C91BC942}") = "024_Reference", "024_Reference\024_Reference.vcxproj", "{37193027-F379-485B-A066-EA3F6DBD37DA}"
EndProject
Project("{8BC9CEB8-8B4A-11D0-8D11-00A0C91BC942}") = "025_Const002", "025_Const002\025_Const002.vcxproj", "{9EB1193C-168A-44C7-BE2E-5384C78DC99A}"
EndProject
Project("{8BC9CEB8-8B4A-11D0-8D11-00A0C91BC942}") = "026_TypeChange", "026_TypeChange\026_TypeChange.vcxproj", "{450A9AA2-ABAA-4E4C-B700-AB6C49BFEAFA}"
EndProject
Project("{8BC9CEB8-8B4A-11D0-8D11-00A0C91BC942}") = "027_Printf_s_Create", "027_Printf_s_Create\027_Printf_s_Create.vcxproj", "{5E4599BA-102F-4E7E-8638-6DE922846E54}"
EndProject
Project("{8BC9CEB8-8B4A-11D0-8D11-00A0C91BC942}") = "028_While", "028_While\028_While.vcxproj", "{CFC76C9E-0808-47DC-9E88-03A7477B7ED8}"
EndProject
Project("{8BC9CEB8-8B4A-11D0-8D11-00A0C91BC942}") = "029_Variableargument", "029_Variableargument\029_Variableargument.vcxproj", "{BF9A632D-414E-4FE8-94B4-599A4E4C59B0}"
EndProject
Project("{8BC9CEB8-8B4A-11D0-8D11-00A0C91BC942}") = "030_PointerOperator001", "030_PointerOperator001\030_PointerOperator001.vcxproj", "{8BA09B47-513D-4A81-9AAE-69F2F7E7014E}"
EndProject
Project("{8BC9CEB8-8B4A-11D0-8D11-00A0C91BC942}") = "031_If", "031_If\031_If.vcxproj", "{A0048CC3-F925-4C70-AEE9-FACC215DF45E}"
EndProject
Project("{8BC9CEB8-8B4A-11D0-8D11-00A0C91BC942}") = "032_Switch", "032_Switch\032_Switch.vcxproj", "{5C4AE9BC-4436-4895-A132-C611FE19BC59}"
EndProject
Project("{8BC9CEB8-8B4A-11D0-8D11-00A0C91BC942}") = "033_MyPrintf", "033_MyPrintf\033_MyPrintf.vcxproj", "{AC770EFD-28D1-47DD-A485-EB7C8679D794}"
EndProject
Project("{2150E333-8FDC-42A3-9474-1A3956D46DE8}") = "HomeWork", "HomeWork", "{ABE2B2B8-7634-4DFF-AFFC-74CA7C722C01}"
EndProject
Project("{8BC9CEB8-8B4A-11D0-8D11-00A0C91BC942}") = "HomeWork0317", "HomeWork0317\HomeWork0317.vcxproj", "{E6A276D9-A8F5-4610-867E-5DB0C83D509E}"
EndProject
Project("{8BC9CEB8-8B4A-11D0-8D11-00A0C91BC942}") = "EX1", "EX1\EX1.vcxproj", "{E85581F0-42D8-43ED-8A28-26369B8D4A46}"
EndProject
Project("{8BC9CEB8-8B4A-11D0-8D11-00A0C91BC942}") = "034_Random", "034_Random\034_Random.vcxproj", "{C747D0D5-BDB4-4FF3-8791-36E7C39BD5FD}"
EndProject
Project("{2150E333-8FDC-42A3-9474-1A3956D46DE8}") = "EX", "EX", "{8E6EFC78-2FE2-4CFB-B9A2-95705FBFEA3B}"
EndProject
Project("{8BC9CEB8-8B4A-11D0-8D11-00A0C91BC942}") = "035_Forloop", "035_Forloop\035_Forloop.vcxproj", "{2F61C941-A7AA-4C63-9EFB-624F9C003A23}"
EndProject
Project("{8BC9CEB8-8B4A-11D0-8D11-00A0C91BC942}") = "036_Global", "036_Global\036_Global.vcxproj", "{C9A8E8BE-4757-41E7-B43D-FC63C2BFE380}"
EndProject
Project("{8BC9CEB8-8B4A-11D0-8D11-00A0C91BC942}") = "037_Typedef", "037_Typedef\037_Typedef.vcxproj", "{43B7F261-59DC-4047-B28C-C69D0F39E13B}"
EndProject
Project("{8BC9CEB8-8B4A-11D0-8D11-00A0C91BC942}") = "038_Class", "038_Class\038_Class.vcxproj", "{018D134C-F262-4F58-9E70-A32AFF66C46E}"
EndProject
Project("{8BC9CEB8-8B4A-11D0-8D11-00A0C91BC942}") = "040_Class001", "040_Class001\040_Class001.vcxproj", "{52AF8D76-06CD-459A-A0B0-41EC7CF14DD7}"
EndProject
Project("{8BC9CEB8-8B4A-11D0-8D11-00A0C91BC942}") = "041_Class002_UserAccess", "041_UserAccess\041_UserAccess.vcxproj", "{A251F403-3BB3-4917-BF92-A2183DCB03A9}"
EndProject
Project("{8BC9CEB8-8B4A-11D0-8D11-00A0C91BC942}") = "042_Class003_Struct", "042_Class003_Struct\042_Class003_Struct.vcxproj", "{432A0199-153E-4E66-AF1D-633034FBEB37}"
EndProject
Project("{8BC9CEB8-8B4A-11D0-8D11-00A0C91BC942}") = "HomeWork0321", "HomeWork0321\HomeWork0321.vcxproj", "{2C6528AE-A342-468B-B702-F1350F2FD5CC}"
EndProject
Project("{2150E333-8FDC-42A3-9474-1A3956D46DE8}") = "메모", "메모", "{C8B784C2-F25E-4EBF-9F01-F16A718F8CF7}"
	ProjectSection(SolutionItems) = preProject
		객체지향.txt = 객체지향.txt
		단축키.txt = 단축키.txt
		메모리영역.txt = 메모리영역.txt
		용어설명.txt = 용어설명.txt
	EndProjectSection
EndProject
Project("{8BC9CEB8-8B4A-11D0-8D11-00A0C91BC942}") = "043_Arr2D", "043_Arr2D\043_Arr2D.vcxproj", "{9E5985AB-283C-43A1-8FC9-FB5F2DAE694D}"
EndProject
Project("{8BC9CEB8-8B4A-11D0-8D11-00A0C91BC942}") = "044_Member", "044_Member\044_Member.vcxproj", "{6772A677-BE99-444B-B912-B80B9409C09B}"
EndProject
Project("{8BC9CEB8-8B4A-11D0-8D11-00A0C91BC942}") = "045_ NameSpace", "045_ NameSpace\045_ NameSpace.vcxproj", "{CE0B44EC-A708-42E5-997D-8A62212106E5}"
EndProject
Project("{8BC9CEB8-8B4A-11D0-8D11-00A0C91BC942}") = "046_BytePadding", "046_BytePadding\046_BytePadding.vcxproj", "{F4A3FFE4-B240-42BF-99DA-FCE97E68C9C1}"
EndProject
Project("{8BC9CEB8-8B4A-11D0-8D11-00A0C91BC942}") = "EX2", "EX2\EX2.vcxproj", "{1A09BC6E-847C-4CFA-92E9-92F2989CC5D5}"
EndProject
Project("{8BC9CEB8-8B4A-11D0-8D11-00A0C91BC942}") = "047_ClassConstructor", "047_ClassConstructor\047_ClassConstructor.vcxproj", "{D020BE65-67D4-4E90-85A3-777B663966B2}"
EndProject
Project("{8BC9CEB8-8B4A-11D0-8D11-00A0C91BC942}") = "048_This", "048_This\048_This.vcxproj", "{6B3ED67B-8B1B-4EBA-B820-41F5D28AC784}"
EndProject
Project("{8BC9CEB8-8B4A-11D0-8D11-00A0C91BC942}") = "049_ClassObjectPointer", "049_ClassObjectPointer\049_ClassObjectPointer.vcxproj", "{9590DA78-CC25-4C51-992D-076E6D42F535}"
EndProject
Project("{8BC9CEB8-8B4A-11D0-8D11-00A0C91BC942}") = "050_ClassOperator", "050_ClassOperator\050_ClassOperator.vcxproj", "{361C628D-1A9E-42FC-B9FA-D7B11017DF7C}"
EndProject
Project("{8BC9CEB8-8B4A-11D0-8D11-00A0C91BC942}") = "HomeWork0323", "HomeWork0323\HomeWork0323.vcxproj", "{C0FA121D-25D9-49E1-AB42-E27C0FA346CC}"
EndProject
Project("{8BC9CEB8-8B4A-11D0-8D11-00A0C91BC942}") = "039_BreakAndContinue", "039_BreakAndContinue\039_BreakAndContinue.vcxproj", "{1BA2237F-D175-48DE-895A-22F8320E53AF}"
EndProject
Project("{8BC9CEB8-8B4A-11D0-8D11-00A0C91BC942}") = "051_Parameter", "051_Parameter\051_Parameter.vcxproj", "{74B70A68-8E4F-4FB2-8B54-0AA8A983A487}"
EndProject
Project("{8BC9CEB8-8B4A-11D0-8D11-00A0C91BC942}") = "HomeWork0324", "HomeWork0324\HomeWork0324.vcxproj", "{519C5A0B-F061-4744-B0AB-7D38A243A486}"
EndProject
Project("{8BC9CEB8-8B4A-11D0-8D11-00A0C91BC942}") = "052_ClassConst", "052_ClassConst\052_ClassConst.vcxproj", "{DADB7FDA-613C-4BC3-8885-A8F82357AD99}"
EndProject
Project("{8BC9CEB8-8B4A-11D0-8D11-00A0C91BC942}") = "053_GlobalVelue", "053_GlobalVelue\053_GlobalVelue.vcxproj", "{D86B9827-0F9B-42DA-91EE-589869D0D3D3}"
EndProject
Project("{8BC9CEB8-8B4A-11D0-8D11-00A0C91BC942}") = "HomeWork0327", "HomeWork0327\HomeWork0327.vcxproj", "{6EA26B31-2147-4DD8-9D94-2F65A8B088EB}"
EndProject
Project("{8BC9CEB8-8B4A-11D0-8D11-00A0C91BC942}") = "EX3", "EX3\EX3.vcxproj", "{4C9E99C4-4550-4586-B005-1A624D2977F7}"
EndProject
Project("{8BC9CEB8-8B4A-11D0-8D11-00A0C91BC942}") = "054_FunctionOverloading", "054_FunctionOverloading\054_FunctionOverloading.vcxproj", "{5DD2DF60-B1B9-432F-87F6-B5D4A27A4218}"
EndProject
Project("{8BC9CEB8-8B4A-11D0-8D11-00A0C91BC942}") = "055_Declaration", "055_Declaration\055_Declaration.vcxproj", "{5AF2A325-2C97-4AF9-8967-10FE0B51126D}"
EndProject
Project("{8BC9CEB8-8B4A-11D0-8D11-00A0C91BC942}") = "056_ClassDeClaration", "056_ClassDeClaration\056_ClassDeClaration.vcxproj", "{DCFE85ED-4911-4649-98A4-FD994CBFF2EE}"
EndProject
Project("{8BC9CEB8-8B4A-11D0-8D11-00A0C91BC942}") = "057_HeaderAndCpp", "057_HeaderAndCpp\057_HeaderAndCpp.vcxproj", "{F503571D-C02E-4200-941F-13EA1DA59C90}"
EndProject
Project("{8BC9CEB8-8B4A-11D0-8D11-00A0C91BC942}") = "EX4", "EX4\EX4.vcxproj", "{19F251E4-5473-4C27-BBF1-BCC0E2E5E1C3}"
EndProject
Project("{8BC9CEB8-8B4A-11D0-8D11-00A0C91BC942}") = "HomeWork0329", "HomeWork0329\HomeWork0329.vcxproj", "{CEC03A6C-ACCE-4E89-A1BE-7433377D168B}"
EndProject
Project("{8BC9CEB8-8B4A-11D0-8D11-00A0C91BC942}") = "HomeWork0330", "HomeWork0330\HomeWork0330.vcxproj", "{4D40969E-1135-41CB-904E-656B3B66B16E}"
EndProject
Project("{8BC9CEB8-8B4A-11D0-8D11-00A0C91BC942}") = "058_Inheritance", "058_Inheritance\058_Inheritance.vcxproj", "{371CC80E-A8E0-44B5-B622-6BB14132CDEE}"
EndProject
Project("{8BC9CEB8-8B4A-11D0-8D11-00A0C91BC942}") = "HomeWork0331", "HomeWork0331\HomeWork0331.vcxproj", "{D36D2D34-3690-4025-8850-F6CA0EDF4040}"
EndProject
Project("{8BC9CEB8-8B4A-11D0-8D11-00A0C91BC942}") = "059_InheritanceMemory", "059_InheritanceMemory\059_InheritanceMemory.vcxproj", "{C0FAD90C-F313-4835-92F1-49F276C753BC}"
EndProject
Project("{8BC9CEB8-8B4A-11D0-8D11-00A0C91BC942}") = "060_ClassDefault", "060_ClassDefault\060_ClassDefault.vcxproj", "{511537F4-6D5A-4828-B52D-D19DA858494F}"
EndProject
Project("{8BC9CEB8-8B4A-11D0-8D11-00A0C91BC942}") = "061_FunctionPointer", "061_FunctionPointer\061_FunctionPointer.vcxproj", "{650F52C7-4A47-4A54-BB27-42A37588D501}"
EndProject
Project("{8BC9CEB8-8B4A-11D0-8D11-00A0C91BC942}") = "062_VirtualSize", "062_VirtualSize\062_VirtualSize.vcxproj", "{991089CF-7D72-4875-AD06-EFA51CDDAD38}"
EndProject
Project("{8BC9CEB8-8B4A-11D0-8D11-00A0C91BC942}") = "EX5", "EX5\EX5.vcxproj", "{B7547568-F12A-4251-9C4B-791677259127}"
EndProject
Project("{8BC9CEB8-8B4A-11D0-8D11-00A0C91BC942}") = "063_UpAndDown", "063_UpAndDown\063_UpAndDown.vcxproj", "{C4CEE768-2C39-4B41-B746-97D62776B33B}"
EndProject
Project("{8BC9CEB8-8B4A-11D0-8D11-00A0C91BC942}") = "064_VPtr", "063_VPtr\063_VPtr.vcxproj", "{D65611DE-55CA-481B-9D36-2952740F1D06}"
EndProject
Project("{8BC9CEB8-8B4A-11D0-8D11-00A0C91BC942}") = "065_Heap", "065_Heap\065_Heap.vcxproj", "{8256D972-DA39-401F-8BB4-3CB9054204A0}"
EndProject
Project("{8BC9CEB8-8B4A-11D0-8D11-00A0C91BC942}") = "EX6", "EX6\EX6.vcxproj", "{42F4E4F3-C0C8-426F-81EA-FAB0C26D128E}"
EndProject
Project("{8BC9CEB8-8B4A-11D0-8D11-00A0C91BC942}") = "066_DeleteHeap", "066_DeleteHeap\066_DeleteHeap.vcxproj", "{4CAA1DB6-6850-4810-90AC-FEE490947587}"
EndProject
Project("{8BC9CEB8-8B4A-11D0-8D11-00A0C91BC942}") = "067_ArrayHeap", "067_ArrayHeap\067_ArrayHeap.vcxproj", "{A8DC74A9-AEB8-446C-8E28-44472E0D860C}"
EndProject
Project("{2150E333-8FDC-42A3-9474-1A3956D46DE8}") = "DataStructure", "DataStructure", "{B62B9522-FE81-4ADF-BCE4-0ED08D55F738}"
	ProjectSection(SolutionItems) = preProject
		TextFile1.txt = TextFile1.txt
	EndProjectSection
EndProject
Project("{8BC9CEB8-8B4A-11D0-8D11-00A0C91BC942}") = "GameEngineArray", "GameEngineArray\GameEngineArray.vcxproj", "{7E451ABF-B3F5-4997-9E53-A5D577052B38}"
EndProject
Project("{8BC9CEB8-8B4A-11D0-8D11-00A0C91BC942}") = "068_Template", "068_Template\068_Template.vcxproj", "{C53DBF99-B0F9-44C9-93BF-5081A45B0AE8}"
EndProject
Project("{8BC9CEB8-8B4A-11D0-8D11-00A0C91BC942}") = "069_DeepCopyAndShallowCopy", "069_DeepCopyAndShallowCopy\069_DeepCopyAndShallowCopy.vcxproj", "{C9460871-750B-442D-B76C-D44192E961D4}"
EndProject
Project("{8BC9CEB8-8B4A-11D0-8D11-00A0C91BC942}") = "070_Assert", "070_Assert\070_Assert.vcxproj", "{13908409-1DDE-409D-B157-0E4B096AE0D2}"
EndProject
Project("{8BC9CEB8-8B4A-11D0-8D11-00A0C91BC942}") = "071_Define", "071_Define\071_Define.vcxproj", "{ADF01BB0-5D02-447F-901B-D090C0E6064E}"
EndProject
Project("{2150E333-8FDC-42A3-9474-1A3956D46DE8}") = "Base", "Base", "{5A6401DD-6C80-40EA-B18F-B1CB38705FEA}"
EndProject
Project("{8BC9CEB8-8B4A-11D0-8D11-00A0C91BC942}") = "GameEngineBase", "GameEngineBase\GameEngineBase.vcxproj", "{4093FFFA-FCE1-457D-AEAC-C4BEF6BECECF}"
EndProject
Project("{8BC9CEB8-8B4A-11D0-8D11-00A0C91BC942}") = "GameEngineConsole", "GameEngineConsole\GameEngineConsole.vcxproj", "{EE9577B2-B4DF-459A-BAE5-DACCB1041F4A}"
EndProject
Project("{8BC9CEB8-8B4A-11D0-8D11-00A0C91BC942}") = "073_Enum", "073_Enum\073_Enum.vcxproj", "{40E07127-472A-4EBF-8035-C41BD71F0A08}"
EndProject
Global
	GlobalSection(SolutionConfigurationPlatforms) = preSolution
		Debug|x64 = Debug|x64
		Debug|x86 = Debug|x86
		Release|x64 = Release|x64
		Release|x86 = Release|x86
	EndGlobalSection
	GlobalSection(ProjectConfigurationPlatforms) = postSolution
		{C11912BA-6311-4705-8372-2C7452A0104A}.Debug|x64.ActiveCfg = Debug|x64
		{C11912BA-6311-4705-8372-2C7452A0104A}.Debug|x64.Build.0 = Debug|x64
		{C11912BA-6311-4705-8372-2C7452A0104A}.Debug|x86.ActiveCfg = Debug|Win32
		{C11912BA-6311-4705-8372-2C7452A0104A}.Debug|x86.Build.0 = Debug|Win32
		{C11912BA-6311-4705-8372-2C7452A0104A}.Release|x64.ActiveCfg = Release|x64
		{C11912BA-6311-4705-8372-2C7452A0104A}.Release|x64.Build.0 = Release|x64
		{C11912BA-6311-4705-8372-2C7452A0104A}.Release|x86.ActiveCfg = Release|Win32
		{C11912BA-6311-4705-8372-2C7452A0104A}.Release|x86.Build.0 = Release|Win32
		{A57320D0-45F5-47D4-8579-F90807D1DE73}.Debug|x64.ActiveCfg = Debug|x64
		{A57320D0-45F5-47D4-8579-F90807D1DE73}.Debug|x64.Build.0 = Debug|x64
		{A57320D0-45F5-47D4-8579-F90807D1DE73}.Debug|x86.ActiveCfg = Debug|Win32
		{A57320D0-45F5-47D4-8579-F90807D1DE73}.Debug|x86.Build.0 = Debug|Win32
		{A57320D0-45F5-47D4-8579-F90807D1DE73}.Release|x64.ActiveCfg = Release|x64
		{A57320D0-45F5-47D4-8579-F90807D1DE73}.Release|x64.Build.0 = Release|x64
		{A57320D0-45F5-47D4-8579-F90807D1DE73}.Release|x86.ActiveCfg = Release|Win32
		{A57320D0-45F5-47D4-8579-F90807D1DE73}.Release|x86.Build.0 = Release|Win32
		{FACFFD64-3C7D-4061-AD53-BEFC8B2650FE}.Debug|x64.ActiveCfg = Debug|x64
		{FACFFD64-3C7D-4061-AD53-BEFC8B2650FE}.Debug|x64.Build.0 = Debug|x64
		{FACFFD64-3C7D-4061-AD53-BEFC8B2650FE}.Debug|x86.ActiveCfg = Debug|Win32
		{FACFFD64-3C7D-4061-AD53-BEFC8B2650FE}.Debug|x86.Build.0 = Debug|Win32
		{FACFFD64-3C7D-4061-AD53-BEFC8B2650FE}.Release|x64.ActiveCfg = Release|x64
		{FACFFD64-3C7D-4061-AD53-BEFC8B2650FE}.Release|x64.Build.0 = Release|x64
		{FACFFD64-3C7D-4061-AD53-BEFC8B2650FE}.Release|x86.ActiveCfg = Release|Win32
		{FACFFD64-3C7D-4061-AD53-BEFC8B2650FE}.Release|x86.Build.0 = Release|Win32
		{C69EC5C1-A4FF-4F9C-9075-037275504C06}.Debug|x64.ActiveCfg = Debug|x64
		{C69EC5C1-A4FF-4F9C-9075-037275504C06}.Debug|x64.Build.0 = Debug|x64
		{C69EC5C1-A4FF-4F9C-9075-037275504C06}.Debug|x86.ActiveCfg = Debug|Win32
		{C69EC5C1-A4FF-4F9C-9075-037275504C06}.Debug|x86.Build.0 = Debug|Win32
		{C69EC5C1-A4FF-4F9C-9075-037275504C06}.Release|x64.ActiveCfg = Release|x64
		{C69EC5C1-A4FF-4F9C-9075-037275504C06}.Release|x64.Build.0 = Release|x64
		{C69EC5C1-A4FF-4F9C-9075-037275504C06}.Release|x86.ActiveCfg = Release|Win32
		{C69EC5C1-A4FF-4F9C-9075-037275504C06}.Release|x86.Build.0 = Release|Win32
		{B463BC2C-171C-4CC9-8165-A1A09FAEC610}.Debug|x64.ActiveCfg = Debug|x64
		{B463BC2C-171C-4CC9-8165-A1A09FAEC610}.Debug|x64.Build.0 = Debug|x64
		{B463BC2C-171C-4CC9-8165-A1A09FAEC610}.Debug|x86.ActiveCfg = Debug|Win32
		{B463BC2C-171C-4CC9-8165-A1A09FAEC610}.Debug|x86.Build.0 = Debug|Win32
		{B463BC2C-171C-4CC9-8165-A1A09FAEC610}.Release|x64.ActiveCfg = Release|x64
		{B463BC2C-171C-4CC9-8165-A1A09FAEC610}.Release|x64.Build.0 = Release|x64
		{B463BC2C-171C-4CC9-8165-A1A09FAEC610}.Release|x86.ActiveCfg = Release|Win32
		{B463BC2C-171C-4CC9-8165-A1A09FAEC610}.Release|x86.Build.0 = Release|Win32
		{63295ACA-AE8F-4B9D-B7C6-F90D344AEEFC}.Debug|x64.ActiveCfg = Debug|x64
		{63295ACA-AE8F-4B9D-B7C6-F90D344AEEFC}.Debug|x64.Build.0 = Debug|x64
		{63295ACA-AE8F-4B9D-B7C6-F90D344AEEFC}.Debug|x86.ActiveCfg = Debug|Win32
		{63295ACA-AE8F-4B9D-B7C6-F90D344AEEFC}.Debug|x86.Build.0 = Debug|Win32
		{63295ACA-AE8F-4B9D-B7C6-F90D344AEEFC}.Release|x64.ActiveCfg = Release|x64
		{63295ACA-AE8F-4B9D-B7C6-F90D344AEEFC}.Release|x64.Build.0 = Release|x64
		{63295ACA-AE8F-4B9D-B7C6-F90D344AEEFC}.Release|x86.ActiveCfg = Release|Win32
		{63295ACA-AE8F-4B9D-B7C6-F90D344AEEFC}.Release|x86.Build.0 = Release|Win32
		{93BF6AC7-CC3C-44C0-862D-45E0695D3546}.Debug|x64.ActiveCfg = Debug|x64
		{93BF6AC7-CC3C-44C0-862D-45E0695D3546}.Debug|x64.Build.0 = Debug|x64
		{93BF6AC7-CC3C-44C0-862D-45E0695D3546}.Debug|x86.ActiveCfg = Debug|Win32
		{93BF6AC7-CC3C-44C0-862D-45E0695D3546}.Debug|x86.Build.0 = Debug|Win32
		{93BF6AC7-CC3C-44C0-862D-45E0695D3546}.Release|x64.ActiveCfg = Release|x64
		{93BF6AC7-CC3C-44C0-862D-45E0695D3546}.Release|x64.Build.0 = Release|x64
		{93BF6AC7-CC3C-44C0-862D-45E0695D3546}.Release|x86.ActiveCfg = Release|Win32
		{93BF6AC7-CC3C-44C0-862D-45E0695D3546}.Release|x86.Build.0 = Release|Win32
		{AEB905AA-74CE-4873-87EC-6A7F47AF7E80}.Debug|x64.ActiveCfg = Debug|x64
		{AEB905AA-74CE-4873-87EC-6A7F47AF7E80}.Debug|x64.Build.0 = Debug|x64
		{AEB905AA-74CE-4873-87EC-6A7F47AF7E80}.Debug|x86.ActiveCfg = Debug|Win32
		{AEB905AA-74CE-4873-87EC-6A7F47AF7E80}.Debug|x86.Build.0 = Debug|Win32
		{AEB905AA-74CE-4873-87EC-6A7F47AF7E80}.Release|x64.ActiveCfg = Release|x64
		{AEB905AA-74CE-4873-87EC-6A7F47AF7E80}.Release|x64.Build.0 = Release|x64
		{AEB905AA-74CE-4873-87EC-6A7F47AF7E80}.Release|x86.ActiveCfg = Release|Win32
		{AEB905AA-74CE-4873-87EC-6A7F47AF7E80}.Release|x86.Build.0 = Release|Win32
		{46AAB743-57A8-4739-8B12-0AF05DF07FDE}.Debug|x64.ActiveCfg = Debug|x64
		{46AAB743-57A8-4739-8B12-0AF05DF07FDE}.Debug|x64.Build.0 = Debug|x64
		{46AAB743-57A8-4739-8B12-0AF05DF07FDE}.Debug|x86.ActiveCfg = Debug|Win32
		{46AAB743-57A8-4739-8B12-0AF05DF07FDE}.Debug|x86.Build.0 = Debug|Win32
		{46AAB743-57A8-4739-8B12-0AF05DF07FDE}.Release|x64.ActiveCfg = Release|x64
		{46AAB743-57A8-4739-8B12-0AF05DF07FDE}.Release|x64.Build.0 = Release|x64
		{46AAB743-57A8-4739-8B12-0AF05DF07FDE}.Release|x86.ActiveCfg = Release|Win32
		{46AAB743-57A8-4739-8B12-0AF05DF07FDE}.Release|x86.Build.0 = Release|Win32
		{CBFFDD49-A172-4700-9142-313986C79E3B}.Debug|x64.ActiveCfg = Debug|x64
		{CBFFDD49-A172-4700-9142-313986C79E3B}.Debug|x64.Build.0 = Debug|x64
		{CBFFDD49-A172-4700-9142-313986C79E3B}.Debug|x86.ActiveCfg = Debug|Win32
		{CBFFDD49-A172-4700-9142-313986C79E3B}.Debug|x86.Build.0 = Debug|Win32
		{CBFFDD49-A172-4700-9142-313986C79E3B}.Release|x64.ActiveCfg = Release|x64
		{CBFFDD49-A172-4700-9142-313986C79E3B}.Release|x64.Build.0 = Release|x64
		{CBFFDD49-A172-4700-9142-313986C79E3B}.Release|x86.ActiveCfg = Release|Win32
		{CBFFDD49-A172-4700-9142-313986C79E3B}.Release|x86.Build.0 = Release|Win32
		{2CA43391-F5A9-42FC-95DC-B99E41403EED}.Debug|x64.ActiveCfg = Debug|x64
		{2CA43391-F5A9-42FC-95DC-B99E41403EED}.Debug|x64.Build.0 = Debug|x64
		{2CA43391-F5A9-42FC-95DC-B99E41403EED}.Debug|x86.ActiveCfg = Debug|Win32
		{2CA43391-F5A9-42FC-95DC-B99E41403EED}.Debug|x86.Build.0 = Debug|Win32
		{2CA43391-F5A9-42FC-95DC-B99E41403EED}.Release|x64.ActiveCfg = Release|x64
		{2CA43391-F5A9-42FC-95DC-B99E41403EED}.Release|x64.Build.0 = Release|x64
		{2CA43391-F5A9-42FC-95DC-B99E41403EED}.Release|x86.ActiveCfg = Release|Win32
		{2CA43391-F5A9-42FC-95DC-B99E41403EED}.Release|x86.Build.0 = Release|Win32
		{EDDAFED2-FDA8-43A7-8700-9667E38DEA6A}.Debug|x64.ActiveCfg = Debug|x64
		{EDDAFED2-FDA8-43A7-8700-9667E38DEA6A}.Debug|x64.Build.0 = Debug|x64
		{EDDAFED2-FDA8-43A7-8700-9667E38DEA6A}.Debug|x86.ActiveCfg = Debug|Win32
		{EDDAFED2-FDA8-43A7-8700-9667E38DEA6A}.Debug|x86.Build.0 = Debug|Win32
		{EDDAFED2-FDA8-43A7-8700-9667E38DEA6A}.Release|x64.ActiveCfg = Release|x64
		{EDDAFED2-FDA8-43A7-8700-9667E38DEA6A}.Release|x64.Build.0 = Release|x64
		{EDDAFED2-FDA8-43A7-8700-9667E38DEA6A}.Release|x86.ActiveCfg = Release|Win32
		{EDDAFED2-FDA8-43A7-8700-9667E38DEA6A}.Release|x86.Build.0 = Release|Win32
		{5217CEF2-C5CC-4529-8EAB-79373F60BD0F}.Debug|x64.ActiveCfg = Debug|x64
		{5217CEF2-C5CC-4529-8EAB-79373F60BD0F}.Debug|x64.Build.0 = Debug|x64
		{5217CEF2-C5CC-4529-8EAB-79373F60BD0F}.Debug|x86.ActiveCfg = Debug|Win32
		{5217CEF2-C5CC-4529-8EAB-79373F60BD0F}.Debug|x86.Build.0 = Debug|Win32
		{5217CEF2-C5CC-4529-8EAB-79373F60BD0F}.Release|x64.ActiveCfg = Release|x64
		{5217CEF2-C5CC-4529-8EAB-79373F60BD0F}.Release|x64.Build.0 = Release|x64
		{5217CEF2-C5CC-4529-8EAB-79373F60BD0F}.Release|x86.ActiveCfg = Release|Win32
		{5217CEF2-C5CC-4529-8EAB-79373F60BD0F}.Release|x86.Build.0 = Release|Win32
		{F9621BE8-ED79-4F80-BE8E-6C7F0D1EE425}.Debug|x64.ActiveCfg = Debug|x64
		{F9621BE8-ED79-4F80-BE8E-6C7F0D1EE425}.Debug|x64.Build.0 = Debug|x64
		{F9621BE8-ED79-4F80-BE8E-6C7F0D1EE425}.Debug|x86.ActiveCfg = Debug|Win32
		{F9621BE8-ED79-4F80-BE8E-6C7F0D1EE425}.Debug|x86.Build.0 = Debug|Win32
		{F9621BE8-ED79-4F80-BE8E-6C7F0D1EE425}.Release|x64.ActiveCfg = Release|x64
		{F9621BE8-ED79-4F80-BE8E-6C7F0D1EE425}.Release|x64.Build.0 = Release|x64
		{F9621BE8-ED79-4F80-BE8E-6C7F0D1EE425}.Release|x86.ActiveCfg = Release|Win32
		{F9621BE8-ED79-4F80-BE8E-6C7F0D1EE425}.Release|x86.Build.0 = Release|Win32
		{3911F90E-0091-4D04-A66D-D93DD12A3B63}.Debug|x64.ActiveCfg = Debug|x64
		{3911F90E-0091-4D04-A66D-D93DD12A3B63}.Debug|x64.Build.0 = Debug|x64
		{3911F90E-0091-4D04-A66D-D93DD12A3B63}.Debug|x86.ActiveCfg = Debug|Win32
		{3911F90E-0091-4D04-A66D-D93DD12A3B63}.Debug|x86.Build.0 = Debug|Win32
		{3911F90E-0091-4D04-A66D-D93DD12A3B63}.Release|x64.ActiveCfg = Release|x64
		{3911F90E-0091-4D04-A66D-D93DD12A3B63}.Release|x64.Build.0 = Release|x64
		{3911F90E-0091-4D04-A66D-D93DD12A3B63}.Release|x86.ActiveCfg = Release|Win32
		{3911F90E-0091-4D04-A66D-D93DD12A3B63}.Release|x86.Build.0 = Release|Win32
		{15255B8E-DAAB-4124-90AA-4FD37AA658B1}.Debug|x64.ActiveCfg = Debug|x64
		{15255B8E-DAAB-4124-90AA-4FD37AA658B1}.Debug|x64.Build.0 = Debug|x64
		{15255B8E-DAAB-4124-90AA-4FD37AA658B1}.Debug|x86.ActiveCfg = Debug|Win32
		{15255B8E-DAAB-4124-90AA-4FD37AA658B1}.Debug|x86.Build.0 = Debug|Win32
		{15255B8E-DAAB-4124-90AA-4FD37AA658B1}.Release|x64.ActiveCfg = Release|x64
		{15255B8E-DAAB-4124-90AA-4FD37AA658B1}.Release|x64.Build.0 = Release|x64
		{15255B8E-DAAB-4124-90AA-4FD37AA658B1}.Release|x86.ActiveCfg = Release|Win32
		{15255B8E-DAAB-4124-90AA-4FD37AA658B1}.Release|x86.Build.0 = Release|Win32
		{8A398D6A-B440-408D-9CA0-0715240C74E3}.Debug|x64.ActiveCfg = Debug|x64
		{8A398D6A-B440-408D-9CA0-0715240C74E3}.Debug|x64.Build.0 = Debug|x64
		{8A398D6A-B440-408D-9CA0-0715240C74E3}.Debug|x86.ActiveCfg = Debug|Win32
		{8A398D6A-B440-408D-9CA0-0715240C74E3}.Debug|x86.Build.0 = Debug|Win32
		{8A398D6A-B440-408D-9CA0-0715240C74E3}.Release|x64.ActiveCfg = Release|x64
		{8A398D6A-B440-408D-9CA0-0715240C74E3}.Release|x64.Build.0 = Release|x64
		{8A398D6A-B440-408D-9CA0-0715240C74E3}.Release|x86.ActiveCfg = Release|Win32
		{8A398D6A-B440-408D-9CA0-0715240C74E3}.Release|x86.Build.0 = Release|Win32
		{1D778276-84F4-457B-B3DE-030199E1FB52}.Debug|x64.ActiveCfg = Debug|x64
		{1D778276-84F4-457B-B3DE-030199E1FB52}.Debug|x64.Build.0 = Debug|x64
		{1D778276-84F4-457B-B3DE-030199E1FB52}.Debug|x86.ActiveCfg = Debug|Win32
		{1D778276-84F4-457B-B3DE-030199E1FB52}.Debug|x86.Build.0 = Debug|Win32
		{1D778276-84F4-457B-B3DE-030199E1FB52}.Release|x64.ActiveCfg = Release|x64
		{1D778276-84F4-457B-B3DE-030199E1FB52}.Release|x64.Build.0 = Release|x64
		{1D778276-84F4-457B-B3DE-030199E1FB52}.Release|x86.ActiveCfg = Release|Win32
		{1D778276-84F4-457B-B3DE-030199E1FB52}.Release|x86.Build.0 = Release|Win32
		{94BB6FC9-A728-46AA-883E-298AA945A077}.Debug|x64.ActiveCfg = Debug|x64
		{94BB6FC9-A728-46AA-883E-298AA945A077}.Debug|x64.Build.0 = Debug|x64
		{94BB6FC9-A728-46AA-883E-298AA945A077}.Debug|x86.ActiveCfg = Debug|Win32
		{94BB6FC9-A728-46AA-883E-298AA945A077}.Debug|x86.Build.0 = Debug|Win32
		{94BB6FC9-A728-46AA-883E-298AA945A077}.Release|x64.ActiveCfg = Release|x64
		{94BB6FC9-A728-46AA-883E-298AA945A077}.Release|x64.Build.0 = Release|x64
		{94BB6FC9-A728-46AA-883E-298AA945A077}.Release|x86.ActiveCfg = Release|Win32
		{94BB6FC9-A728-46AA-883E-298AA945A077}.Release|x86.Build.0 = Release|Win32
		{9542F86C-A905-4773-BD86-06266DB05B1E}.Debug|x64.ActiveCfg = Debug|x64
		{9542F86C-A905-4773-BD86-06266DB05B1E}.Debug|x64.Build.0 = Debug|x64
		{9542F86C-A905-4773-BD86-06266DB05B1E}.Debug|x86.ActiveCfg = Debug|Win32
		{9542F86C-A905-4773-BD86-06266DB05B1E}.Debug|x86.Build.0 = Debug|Win32
		{9542F86C-A905-4773-BD86-06266DB05B1E}.Release|x64.ActiveCfg = Release|x64
		{9542F86C-A905-4773-BD86-06266DB05B1E}.Release|x64.Build.0 = Release|x64
		{9542F86C-A905-4773-BD86-06266DB05B1E}.Release|x86.ActiveCfg = Release|Win32
		{9542F86C-A905-4773-BD86-06266DB05B1E}.Release|x86.Build.0 = Release|Win32
		{97A1CCAC-B6D2-4B63-A8D4-A54F3DA42256}.Debug|x64.ActiveCfg = Debug|x64
		{97A1CCAC-B6D2-4B63-A8D4-A54F3DA42256}.Debug|x64.Build.0 = Debug|x64
		{97A1CCAC-B6D2-4B63-A8D4-A54F3DA42256}.Debug|x86.ActiveCfg = Debug|Win32
		{97A1CCAC-B6D2-4B63-A8D4-A54F3DA42256}.Debug|x86.Build.0 = Debug|Win32
		{97A1CCAC-B6D2-4B63-A8D4-A54F3DA42256}.Release|x64.ActiveCfg = Release|x64
		{97A1CCAC-B6D2-4B63-A8D4-A54F3DA42256}.Release|x64.Build.0 = Release|x64
		{97A1CCAC-B6D2-4B63-A8D4-A54F3DA42256}.Release|x86.ActiveCfg = Release|Win32
		{97A1CCAC-B6D2-4B63-A8D4-A54F3DA42256}.Release|x86.Build.0 = Release|Win32
		{ECF8078C-95EC-437A-A2C2-C80FEED5DE8D}.Debug|x64.ActiveCfg = Debug|x64
		{ECF8078C-95EC-437A-A2C2-C80FEED5DE8D}.Debug|x64.Build.0 = Debug|x64
		{ECF8078C-95EC-437A-A2C2-C80FEED5DE8D}.Debug|x86.ActiveCfg = Debug|Win32
		{ECF8078C-95EC-437A-A2C2-C80FEED5DE8D}.Debug|x86.Build.0 = Debug|Win32
		{ECF8078C-95EC-437A-A2C2-C80FEED5DE8D}.Release|x64.ActiveCfg = Release|x64
		{ECF8078C-95EC-437A-A2C2-C80FEED5DE8D}.Release|x64.Build.0 = Release|x64
		{ECF8078C-95EC-437A-A2C2-C80FEED5DE8D}.Release|x86.ActiveCfg = Release|Win32
		{ECF8078C-95EC-437A-A2C2-C80FEED5DE8D}.Release|x86.Build.0 = Release|Win32
		{09CF4145-0218-4FD0-B17B-AE201CE2B267}.Debug|x64.ActiveCfg = Debug|x64
		{09CF4145-0218-4FD0-B17B-AE201CE2B267}.Debug|x64.Build.0 = Debug|x64
		{09CF4145-0218-4FD0-B17B-AE201CE2B267}.Debug|x86.ActiveCfg = Debug|Win32
		{09CF4145-0218-4FD0-B17B-AE201CE2B267}.Debug|x86.Build.0 = Debug|Win32
		{09CF4145-0218-4FD0-B17B-AE201CE2B267}.Release|x64.ActiveCfg = Release|x64
		{09CF4145-0218-4FD0-B17B-AE201CE2B267}.Release|x64.Build.0 = Release|x64
		{09CF4145-0218-4FD0-B17B-AE201CE2B267}.Release|x86.ActiveCfg = Release|Win32
		{09CF4145-0218-4FD0-B17B-AE201CE2B267}.Release|x86.Build.0 = Release|Win32
		{37193027-F379-485B-A066-EA3F6DBD37DA}.Debug|x64.ActiveCfg = Debug|x64
		{37193027-F379-485B-A066-EA3F6DBD37DA}.Debug|x64.Build.0 = Debug|x64
		{37193027-F379-485B-A066-EA3F6DBD37DA}.Debug|x86.ActiveCfg = Debug|Win32
		{37193027-F379-485B-A066-EA3F6DBD37DA}.Debug|x86.Build.0 = Debug|Win32
		{37193027-F379-485B-A066-EA3F6DBD37DA}.Release|x64.ActiveCfg = Release|x64
		{37193027-F379-485B-A066-EA3F6DBD37DA}.Release|x64.Build.0 = Release|x64
		{37193027-F379-485B-A066-EA3F6DBD37DA}.Release|x86.ActiveCfg = Release|Win32
		{37193027-F379-485B-A066-EA3F6DBD37DA}.Release|x86.Build.0 = Release|Win32
		{9EB1193C-168A-44C7-BE2E-5384C78DC99A}.Debug|x64.ActiveCfg = Debug|x64
		{9EB1193C-168A-44C7-BE2E-5384C78DC99A}.Debug|x64.Build.0 = Debug|x64
		{9EB1193C-168A-44C7-BE2E-5384C78DC99A}.Debug|x86.ActiveCfg = Debug|Win32
		{9EB1193C-168A-44C7-BE2E-5384C78DC99A}.Debug|x86.Build.0 = Debug|Win32
		{9EB1193C-168A-44C7-BE2E-5384C78DC99A}.Release|x64.ActiveCfg = Release|x64
		{9EB1193C-168A-44C7-BE2E-5384C78DC99A}.Release|x64.Build.0 = Release|x64
		{9EB1193C-168A-44C7-BE2E-5384C78DC99A}.Release|x86.ActiveCfg = Release|Win32
		{9EB1193C-168A-44C7-BE2E-5384C78DC99A}.Release|x86.Build.0 = Release|Win32
		{450A9AA2-ABAA-4E4C-B700-AB6C49BFEAFA}.Debug|x64.ActiveCfg = Debug|x64
		{450A9AA2-ABAA-4E4C-B700-AB6C49BFEAFA}.Debug|x64.Build.0 = Debug|x64
		{450A9AA2-ABAA-4E4C-B700-AB6C49BFEAFA}.Debug|x86.ActiveCfg = Debug|Win32
		{450A9AA2-ABAA-4E4C-B700-AB6C49BFEAFA}.Debug|x86.Build.0 = Debug|Win32
		{450A9AA2-ABAA-4E4C-B700-AB6C49BFEAFA}.Release|x64.ActiveCfg = Release|x64
		{450A9AA2-ABAA-4E4C-B700-AB6C49BFEAFA}.Release|x64.Build.0 = Release|x64
		{450A9AA2-ABAA-4E4C-B700-AB6C49BFEAFA}.Release|x86.ActiveCfg = Release|Win32
		{450A9AA2-ABAA-4E4C-B700-AB6C49BFEAFA}.Release|x86.Build.0 = Release|Win32
		{5E4599BA-102F-4E7E-8638-6DE922846E54}.Debug|x64.ActiveCfg = Debug|x64
		{5E4599BA-102F-4E7E-8638-6DE922846E54}.Debug|x64.Build.0 = Debug|x64
		{5E4599BA-102F-4E7E-8638-6DE922846E54}.Debug|x86.ActiveCfg = Debug|Win32
		{5E4599BA-102F-4E7E-8638-6DE922846E54}.Debug|x86.Build.0 = Debug|Win32
		{5E4599BA-102F-4E7E-8638-6DE922846E54}.Release|x64.ActiveCfg = Release|x64
		{5E4599BA-102F-4E7E-8638-6DE922846E54}.Release|x64.Build.0 = Release|x64
		{5E4599BA-102F-4E7E-8638-6DE922846E54}.Release|x86.ActiveCfg = Release|Win32
		{5E4599BA-102F-4E7E-8638-6DE922846E54}.Release|x86.Build.0 = Release|Win32
		{CFC76C9E-0808-47DC-9E88-03A7477B7ED8}.Debug|x64.ActiveCfg = Debug|x64
		{CFC76C9E-0808-47DC-9E88-03A7477B7ED8}.Debug|x64.Build.0 = Debug|x64
		{CFC76C9E-0808-47DC-9E88-03A7477B7ED8}.Debug|x86.ActiveCfg = Debug|Win32
		{CFC76C9E-0808-47DC-9E88-03A7477B7ED8}.Debug|x86.Build.0 = Debug|Win32
		{CFC76C9E-0808-47DC-9E88-03A7477B7ED8}.Release|x64.ActiveCfg = Release|x64
		{CFC76C9E-0808-47DC-9E88-03A7477B7ED8}.Release|x64.Build.0 = Release|x64
		{CFC76C9E-0808-47DC-9E88-03A7477B7ED8}.Release|x86.ActiveCfg = Release|Win32
		{CFC76C9E-0808-47DC-9E88-03A7477B7ED8}.Release|x86.Build.0 = Release|Win32
		{BF9A632D-414E-4FE8-94B4-599A4E4C59B0}.Debug|x64.ActiveCfg = Debug|x64
		{BF9A632D-414E-4FE8-94B4-599A4E4C59B0}.Debug|x64.Build.0 = Debug|x64
		{BF9A632D-414E-4FE8-94B4-599A4E4C59B0}.Debug|x86.ActiveCfg = Debug|Win32
		{BF9A632D-414E-4FE8-94B4-599A4E4C59B0}.Debug|x86.Build.0 = Debug|Win32
		{BF9A632D-414E-4FE8-94B4-599A4E4C59B0}.Release|x64.ActiveCfg = Release|x64
		{BF9A632D-414E-4FE8-94B4-599A4E4C59B0}.Release|x64.Build.0 = Release|x64
		{BF9A632D-414E-4FE8-94B4-599A4E4C59B0}.Release|x86.ActiveCfg = Release|Win32
		{BF9A632D-414E-4FE8-94B4-599A4E4C59B0}.Release|x86.Build.0 = Release|Win32
		{8BA09B47-513D-4A81-9AAE-69F2F7E7014E}.Debug|x64.ActiveCfg = Debug|x64
		{8BA09B47-513D-4A81-9AAE-69F2F7E7014E}.Debug|x64.Build.0 = Debug|x64
		{8BA09B47-513D-4A81-9AAE-69F2F7E7014E}.Debug|x86.ActiveCfg = Debug|Win32
		{8BA09B47-513D-4A81-9AAE-69F2F7E7014E}.Debug|x86.Build.0 = Debug|Win32
		{8BA09B47-513D-4A81-9AAE-69F2F7E7014E}.Release|x64.ActiveCfg = Release|x64
		{8BA09B47-513D-4A81-9AAE-69F2F7E7014E}.Release|x64.Build.0 = Release|x64
		{8BA09B47-513D-4A81-9AAE-69F2F7E7014E}.Release|x86.ActiveCfg = Release|Win32
		{8BA09B47-513D-4A81-9AAE-69F2F7E7014E}.Release|x86.Build.0 = Release|Win32
		{A0048CC3-F925-4C70-AEE9-FACC215DF45E}.Debug|x64.ActiveCfg = Debug|x64
		{A0048CC3-F925-4C70-AEE9-FACC215DF45E}.Debug|x64.Build.0 = Debug|x64
		{A0048CC3-F925-4C70-AEE9-FACC215DF45E}.Debug|x86.ActiveCfg = Debug|Win32
		{A0048CC3-F925-4C70-AEE9-FACC215DF45E}.Debug|x86.Build.0 = Debug|Win32
		{A0048CC3-F925-4C70-AEE9-FACC215DF45E}.Release|x64.ActiveCfg = Release|x64
		{A0048CC3-F925-4C70-AEE9-FACC215DF45E}.Release|x64.Build.0 = Release|x64
		{A0048CC3-F925-4C70-AEE9-FACC215DF45E}.Release|x86.ActiveCfg = Release|Win32
		{A0048CC3-F925-4C70-AEE9-FACC215DF45E}.Release|x86.Build.0 = Release|Win32
		{5C4AE9BC-4436-4895-A132-C611FE19BC59}.Debug|x64.ActiveCfg = Debug|x64
		{5C4AE9BC-4436-4895-A132-C611FE19BC59}.Debug|x64.Build.0 = Debug|x64
		{5C4AE9BC-4436-4895-A132-C611FE19BC59}.Debug|x86.ActiveCfg = Debug|Win32
		{5C4AE9BC-4436-4895-A132-C611FE19BC59}.Debug|x86.Build.0 = Debug|Win32
		{5C4AE9BC-4436-4895-A132-C611FE19BC59}.Release|x64.ActiveCfg = Release|x64
		{5C4AE9BC-4436-4895-A132-C611FE19BC59}.Release|x64.Build.0 = Release|x64
		{5C4AE9BC-4436-4895-A132-C611FE19BC59}.Release|x86.ActiveCfg = Release|Win32
		{5C4AE9BC-4436-4895-A132-C611FE19BC59}.Release|x86.Build.0 = Release|Win32
		{AC770EFD-28D1-47DD-A485-EB7C8679D794}.Debug|x64.ActiveCfg = Debug|x64
		{AC770EFD-28D1-47DD-A485-EB7C8679D794}.Debug|x64.Build.0 = Debug|x64
		{AC770EFD-28D1-47DD-A485-EB7C8679D794}.Debug|x86.ActiveCfg = Debug|Win32
		{AC770EFD-28D1-47DD-A485-EB7C8679D794}.Debug|x86.Build.0 = Debug|Win32
		{AC770EFD-28D1-47DD-A485-EB7C8679D794}.Release|x64.ActiveCfg = Release|x64
		{AC770EFD-28D1-47DD-A485-EB7C8679D794}.Release|x64.Build.0 = Release|x64
		{AC770EFD-28D1-47DD-A485-EB7C8679D794}.Release|x86.ActiveCfg = Release|Win32
		{AC770EFD-28D1-47DD-A485-EB7C8679D794}.Release|x86.Build.0 = Release|Win32
		{E6A276D9-A8F5-4610-867E-5DB0C83D509E}.Debug|x64.ActiveCfg = Debug|x64
		{E6A276D9-A8F5-4610-867E-5DB0C83D509E}.Debug|x64.Build.0 = Debug|x64
		{E6A276D9-A8F5-4610-867E-5DB0C83D509E}.Debug|x86.ActiveCfg = Debug|Win32
		{E6A276D9-A8F5-4610-867E-5DB0C83D509E}.Debug|x86.Build.0 = Debug|Win32
		{E6A276D9-A8F5-4610-867E-5DB0C83D509E}.Release|x64.ActiveCfg = Release|x64
		{E6A276D9-A8F5-4610-867E-5DB0C83D509E}.Release|x64.Build.0 = Release|x64
		{E6A276D9-A8F5-4610-867E-5DB0C83D509E}.Release|x86.ActiveCfg = Release|Win32
		{E6A276D9-A8F5-4610-867E-5DB0C83D509E}.Release|x86.Build.0 = Release|Win32
		{E85581F0-42D8-43ED-8A28-26369B8D4A46}.Debug|x64.ActiveCfg = Debug|x64
		{E85581F0-42D8-43ED-8A28-26369B8D4A46}.Debug|x64.Build.0 = Debug|x64
		{E85581F0-42D8-43ED-8A28-26369B8D4A46}.Debug|x86.ActiveCfg = Debug|Win32
		{E85581F0-42D8-43ED-8A28-26369B8D4A46}.Debug|x86.Build.0 = Debug|Win32
		{E85581F0-42D8-43ED-8A28-26369B8D4A46}.Release|x64.ActiveCfg = Release|x64
		{E85581F0-42D8-43ED-8A28-26369B8D4A46}.Release|x64.Build.0 = Release|x64
		{E85581F0-42D8-43ED-8A28-26369B8D4A46}.Release|x86.ActiveCfg = Release|Win32
		{E85581F0-42D8-43ED-8A28-26369B8D4A46}.Release|x86.Build.0 = Release|Win32
		{C747D0D5-BDB4-4FF3-8791-36E7C39BD5FD}.Debug|x64.ActiveCfg = Debug|x64
		{C747D0D5-BDB4-4FF3-8791-36E7C39BD5FD}.Debug|x64.Build.0 = Debug|x64
		{C747D0D5-BDB4-4FF3-8791-36E7C39BD5FD}.Debug|x86.ActiveCfg = Debug|Win32
		{C747D0D5-BDB4-4FF3-8791-36E7C39BD5FD}.Debug|x86.Build.0 = Debug|Win32
		{C747D0D5-BDB4-4FF3-8791-36E7C39BD5FD}.Release|x64.ActiveCfg = Release|x64
		{C747D0D5-BDB4-4FF3-8791-36E7C39BD5FD}.Release|x64.Build.0 = Release|x64
		{C747D0D5-BDB4-4FF3-8791-36E7C39BD5FD}.Release|x86.ActiveCfg = Release|Win32
		{C747D0D5-BDB4-4FF3-8791-36E7C39BD5FD}.Release|x86.Build.0 = Release|Win32
		{2F61C941-A7AA-4C63-9EFB-624F9C003A23}.Debug|x64.ActiveCfg = Debug|x64
		{2F61C941-A7AA-4C63-9EFB-624F9C003A23}.Debug|x64.Build.0 = Debug|x64
		{2F61C941-A7AA-4C63-9EFB-624F9C003A23}.Debug|x86.ActiveCfg = Debug|Win32
		{2F61C941-A7AA-4C63-9EFB-624F9C003A23}.Debug|x86.Build.0 = Debug|Win32
		{2F61C941-A7AA-4C63-9EFB-624F9C003A23}.Release|x64.ActiveCfg = Release|x64
		{2F61C941-A7AA-4C63-9EFB-624F9C003A23}.Release|x64.Build.0 = Release|x64
		{2F61C941-A7AA-4C63-9EFB-624F9C003A23}.Release|x86.ActiveCfg = Release|Win32
		{2F61C941-A7AA-4C63-9EFB-624F9C003A23}.Release|x86.Build.0 = Release|Win32
		{C9A8E8BE-4757-41E7-B43D-FC63C2BFE380}.Debug|x64.ActiveCfg = Debug|x64
		{C9A8E8BE-4757-41E7-B43D-FC63C2BFE380}.Debug|x64.Build.0 = Debug|x64
		{C9A8E8BE-4757-41E7-B43D-FC63C2BFE380}.Debug|x86.ActiveCfg = Debug|Win32
		{C9A8E8BE-4757-41E7-B43D-FC63C2BFE380}.Debug|x86.Build.0 = Debug|Win32
		{C9A8E8BE-4757-41E7-B43D-FC63C2BFE380}.Release|x64.ActiveCfg = Release|x64
		{C9A8E8BE-4757-41E7-B43D-FC63C2BFE380}.Release|x64.Build.0 = Release|x64
		{C9A8E8BE-4757-41E7-B43D-FC63C2BFE380}.Release|x86.ActiveCfg = Release|Win32
		{C9A8E8BE-4757-41E7-B43D-FC63C2BFE380}.Release|x86.Build.0 = Release|Win32
		{43B7F261-59DC-4047-B28C-C69D0F39E13B}.Debug|x64.ActiveCfg = Debug|x64
		{43B7F261-59DC-4047-B28C-C69D0F39E13B}.Debug|x64.Build.0 = Debug|x64
		{43B7F261-59DC-4047-B28C-C69D0F39E13B}.Debug|x86.ActiveCfg = Debug|Win32
		{43B7F261-59DC-4047-B28C-C69D0F39E13B}.Debug|x86.Build.0 = Debug|Win32
		{43B7F261-59DC-4047-B28C-C69D0F39E13B}.Release|x64.ActiveCfg = Release|x64
		{43B7F261-59DC-4047-B28C-C69D0F39E13B}.Release|x64.Build.0 = Release|x64
		{43B7F261-59DC-4047-B28C-C69D0F39E13B}.Release|x86.ActiveCfg = Release|Win32
		{43B7F261-59DC-4047-B28C-C69D0F39E13B}.Release|x86.Build.0 = Release|Win32
		{018D134C-F262-4F58-9E70-A32AFF66C46E}.Debug|x64.ActiveCfg = Debug|x64
		{018D134C-F262-4F58-9E70-A32AFF66C46E}.Debug|x64.Build.0 = Debug|x64
		{018D134C-F262-4F58-9E70-A32AFF66C46E}.Debug|x86.ActiveCfg = Debug|Win32
		{018D134C-F262-4F58-9E70-A32AFF66C46E}.Debug|x86.Build.0 = Debug|Win32
		{018D134C-F262-4F58-9E70-A32AFF66C46E}.Release|x64.ActiveCfg = Release|x64
		{018D134C-F262-4F58-9E70-A32AFF66C46E}.Release|x64.Build.0 = Release|x64
		{018D134C-F262-4F58-9E70-A32AFF66C46E}.Release|x86.ActiveCfg = Release|Win32
		{018D134C-F262-4F58-9E70-A32AFF66C46E}.Release|x86.Build.0 = Release|Win32
		{52AF8D76-06CD-459A-A0B0-41EC7CF14DD7}.Debug|x64.ActiveCfg = Debug|x64
		{52AF8D76-06CD-459A-A0B0-41EC7CF14DD7}.Debug|x64.Build.0 = Debug|x64
		{52AF8D76-06CD-459A-A0B0-41EC7CF14DD7}.Debug|x86.ActiveCfg = Debug|Win32
		{52AF8D76-06CD-459A-A0B0-41EC7CF14DD7}.Debug|x86.Build.0 = Debug|Win32
		{52AF8D76-06CD-459A-A0B0-41EC7CF14DD7}.Release|x64.ActiveCfg = Release|x64
		{52AF8D76-06CD-459A-A0B0-41EC7CF14DD7}.Release|x64.Build.0 = Release|x64
		{52AF8D76-06CD-459A-A0B0-41EC7CF14DD7}.Release|x86.ActiveCfg = Release|Win32
		{52AF8D76-06CD-459A-A0B0-41EC7CF14DD7}.Release|x86.Build.0 = Release|Win32
		{A251F403-3BB3-4917-BF92-A2183DCB03A9}.Debug|x64.ActiveCfg = Debug|x64
		{A251F403-3BB3-4917-BF92-A2183DCB03A9}.Debug|x64.Build.0 = Debug|x64
		{A251F403-3BB3-4917-BF92-A2183DCB03A9}.Debug|x86.ActiveCfg = Debug|Win32
		{A251F403-3BB3-4917-BF92-A2183DCB03A9}.Debug|x86.Build.0 = Debug|Win32
		{A251F403-3BB3-4917-BF92-A2183DCB03A9}.Release|x64.ActiveCfg = Release|x64
		{A251F403-3BB3-4917-BF92-A2183DCB03A9}.Release|x64.Build.0 = Release|x64
		{A251F403-3BB3-4917-BF92-A2183DCB03A9}.Release|x86.ActiveCfg = Release|Win32
		{A251F403-3BB3-4917-BF92-A2183DCB03A9}.Release|x86.Build.0 = Release|Win32
		{432A0199-153E-4E66-AF1D-633034FBEB37}.Debug|x64.ActiveCfg = Debug|x64
		{432A0199-153E-4E66-AF1D-633034FBEB37}.Debug|x64.Build.0 = Debug|x64
		{432A0199-153E-4E66-AF1D-633034FBEB37}.Debug|x86.ActiveCfg = Debug|Win32
		{432A0199-153E-4E66-AF1D-633034FBEB37}.Debug|x86.Build.0 = Debug|Win32
		{432A0199-153E-4E66-AF1D-633034FBEB37}.Release|x64.ActiveCfg = Release|x64
		{432A0199-153E-4E66-AF1D-633034FBEB37}.Release|x64.Build.0 = Release|x64
		{432A0199-153E-4E66-AF1D-633034FBEB37}.Release|x86.ActiveCfg = Release|Win32
		{432A0199-153E-4E66-AF1D-633034FBEB37}.Release|x86.Build.0 = Release|Win32
		{2C6528AE-A342-468B-B702-F1350F2FD5CC}.Debug|x64.ActiveCfg = Debug|x64
		{2C6528AE-A342-468B-B702-F1350F2FD5CC}.Debug|x64.Build.0 = Debug|x64
		{2C6528AE-A342-468B-B702-F1350F2FD5CC}.Debug|x86.ActiveCfg = Debug|Win32
		{2C6528AE-A342-468B-B702-F1350F2FD5CC}.Debug|x86.Build.0 = Debug|Win32
		{2C6528AE-A342-468B-B702-F1350F2FD5CC}.Release|x64.ActiveCfg = Release|x64
		{2C6528AE-A342-468B-B702-F1350F2FD5CC}.Release|x64.Build.0 = Release|x64
		{2C6528AE-A342-468B-B702-F1350F2FD5CC}.Release|x86.ActiveCfg = Release|Win32
		{2C6528AE-A342-468B-B702-F1350F2FD5CC}.Release|x86.Build.0 = Release|Win32
		{9E5985AB-283C-43A1-8FC9-FB5F2DAE694D}.Debug|x64.ActiveCfg = Debug|x64
		{9E5985AB-283C-43A1-8FC9-FB5F2DAE694D}.Debug|x64.Build.0 = Debug|x64
		{9E5985AB-283C-43A1-8FC9-FB5F2DAE694D}.Debug|x86.ActiveCfg = Debug|Win32
		{9E5985AB-283C-43A1-8FC9-FB5F2DAE694D}.Debug|x86.Build.0 = Debug|Win32
		{9E5985AB-283C-43A1-8FC9-FB5F2DAE694D}.Release|x64.ActiveCfg = Release|x64
		{9E5985AB-283C-43A1-8FC9-FB5F2DAE694D}.Release|x64.Build.0 = Release|x64
		{9E5985AB-283C-43A1-8FC9-FB5F2DAE694D}.Release|x86.ActiveCfg = Release|Win32
		{9E5985AB-283C-43A1-8FC9-FB5F2DAE694D}.Release|x86.Build.0 = Release|Win32
		{6772A677-BE99-444B-B912-B80B9409C09B}.Debug|x64.ActiveCfg = Debug|x64
		{6772A677-BE99-444B-B912-B80B9409C09B}.Debug|x64.Build.0 = Debug|x64
		{6772A677-BE99-444B-B912-B80B9409C09B}.Debug|x86.ActiveCfg = Debug|Win32
		{6772A677-BE99-444B-B912-B80B9409C09B}.Debug|x86.Build.0 = Debug|Win32
		{6772A677-BE99-444B-B912-B80B9409C09B}.Release|x64.ActiveCfg = Release|x64
		{6772A677-BE99-444B-B912-B80B9409C09B}.Release|x64.Build.0 = Release|x64
		{6772A677-BE99-444B-B912-B80B9409C09B}.Release|x86.ActiveCfg = Release|Win32
		{6772A677-BE99-444B-B912-B80B9409C09B}.Release|x86.Build.0 = Release|Win32
		{CE0B44EC-A708-42E5-997D-8A62212106E5}.Debug|x64.ActiveCfg = Debug|x64
		{CE0B44EC-A708-42E5-997D-8A62212106E5}.Debug|x64.Build.0 = Debug|x64
		{CE0B44EC-A708-42E5-997D-8A62212106E5}.Debug|x86.ActiveCfg = Debug|Win32
		{CE0B44EC-A708-42E5-997D-8A62212106E5}.Debug|x86.Build.0 = Debug|Win32
		{CE0B44EC-A708-42E5-997D-8A62212106E5}.Release|x64.ActiveCfg = Release|x64
		{CE0B44EC-A708-42E5-997D-8A62212106E5}.Release|x64.Build.0 = Release|x64
		{CE0B44EC-A708-42E5-997D-8A62212106E5}.Release|x86.ActiveCfg = Release|Win32
		{CE0B44EC-A708-42E5-997D-8A62212106E5}.Release|x86.Build.0 = Release|Win32
		{F4A3FFE4-B240-42BF-99DA-FCE97E68C9C1}.Debug|x64.ActiveCfg = Debug|x64
		{F4A3FFE4-B240-42BF-99DA-FCE97E68C9C1}.Debug|x64.Build.0 = Debug|x64
		{F4A3FFE4-B240-42BF-99DA-FCE97E68C9C1}.Debug|x86.ActiveCfg = Debug|Win32
		{F4A3FFE4-B240-42BF-99DA-FCE97E68C9C1}.Debug|x86.Build.0 = Debug|Win32
		{F4A3FFE4-B240-42BF-99DA-FCE97E68C9C1}.Release|x64.ActiveCfg = Release|x64
		{F4A3FFE4-B240-42BF-99DA-FCE97E68C9C1}.Release|x64.Build.0 = Release|x64
		{F4A3FFE4-B240-42BF-99DA-FCE97E68C9C1}.Release|x86.ActiveCfg = Release|Win32
		{F4A3FFE4-B240-42BF-99DA-FCE97E68C9C1}.Release|x86.Build.0 = Release|Win32
		{1A09BC6E-847C-4CFA-92E9-92F2989CC5D5}.Debug|x64.ActiveCfg = Debug|x64
		{1A09BC6E-847C-4CFA-92E9-92F2989CC5D5}.Debug|x64.Build.0 = Debug|x64
		{1A09BC6E-847C-4CFA-92E9-92F2989CC5D5}.Debug|x86.ActiveCfg = Debug|Win32
		{1A09BC6E-847C-4CFA-92E9-92F2989CC5D5}.Debug|x86.Build.0 = Debug|Win32
		{1A09BC6E-847C-4CFA-92E9-92F2989CC5D5}.Release|x64.ActiveCfg = Release|x64
		{1A09BC6E-847C-4CFA-92E9-92F2989CC5D5}.Release|x64.Build.0 = Release|x64
		{1A09BC6E-847C-4CFA-92E9-92F2989CC5D5}.Release|x86.ActiveCfg = Release|Win32
		{1A09BC6E-847C-4CFA-92E9-92F2989CC5D5}.Release|x86.Build.0 = Release|Win32
		{D020BE65-67D4-4E90-85A3-777B663966B2}.Debug|x64.ActiveCfg = Debug|x64
		{D020BE65-67D4-4E90-85A3-777B663966B2}.Debug|x64.Build.0 = Debug|x64
		{D020BE65-67D4-4E90-85A3-777B663966B2}.Debug|x86.ActiveCfg = Debug|Win32
		{D020BE65-67D4-4E90-85A3-777B663966B2}.Debug|x86.Build.0 = Debug|Win32
		{D020BE65-67D4-4E90-85A3-777B663966B2}.Release|x64.ActiveCfg = Release|x64
		{D020BE65-67D4-4E90-85A3-777B663966B2}.Release|x64.Build.0 = Release|x64
		{D020BE65-67D4-4E90-85A3-777B663966B2}.Release|x86.ActiveCfg = Release|Win32
		{D020BE65-67D4-4E90-85A3-777B663966B2}.Release|x86.Build.0 = Release|Win32
		{6B3ED67B-8B1B-4EBA-B820-41F5D28AC784}.Debug|x64.ActiveCfg = Debug|x64
		{6B3ED67B-8B1B-4EBA-B820-41F5D28AC784}.Debug|x64.Build.0 = Debug|x64
		{6B3ED67B-8B1B-4EBA-B820-41F5D28AC784}.Debug|x86.ActiveCfg = Debug|Win32
		{6B3ED67B-8B1B-4EBA-B820-41F5D28AC784}.Debug|x86.Build.0 = Debug|Win32
		{6B3ED67B-8B1B-4EBA-B820-41F5D28AC784}.Release|x64.ActiveCfg = Release|x64
		{6B3ED67B-8B1B-4EBA-B820-41F5D28AC784}.Release|x64.Build.0 = Release|x64
		{6B3ED67B-8B1B-4EBA-B820-41F5D28AC784}.Release|x86.ActiveCfg = Release|Win32
		{6B3ED67B-8B1B-4EBA-B820-41F5D28AC784}.Release|x86.Build.0 = Release|Win32
		{9590DA78-CC25-4C51-992D-076E6D42F535}.Debug|x64.ActiveCfg = Debug|x64
		{9590DA78-CC25-4C51-992D-076E6D42F535}.Debug|x64.Build.0 = Debug|x64
		{9590DA78-CC25-4C51-992D-076E6D42F535}.Debug|x86.ActiveCfg = Debug|Win32
		{9590DA78-CC25-4C51-992D-076E6D42F535}.Debug|x86.Build.0 = Debug|Win32
		{9590DA78-CC25-4C51-992D-076E6D42F535}.Release|x64.ActiveCfg = Release|x64
		{9590DA78-CC25-4C51-992D-076E6D42F535}.Release|x64.Build.0 = Release|x64
		{9590DA78-CC25-4C51-992D-076E6D42F535}.Release|x86.ActiveCfg = Release|Win32
		{9590DA78-CC25-4C51-992D-076E6D42F535}.Release|x86.Build.0 = Release|Win32
		{361C628D-1A9E-42FC-B9FA-D7B11017DF7C}.Debug|x64.ActiveCfg = Debug|x64
		{361C628D-1A9E-42FC-B9FA-D7B11017DF7C}.Debug|x64.Build.0 = Debug|x64
		{361C628D-1A9E-42FC-B9FA-D7B11017DF7C}.Debug|x86.ActiveCfg = Debug|Win32
		{361C628D-1A9E-42FC-B9FA-D7B11017DF7C}.Debug|x86.Build.0 = Debug|Win32
		{361C628D-1A9E-42FC-B9FA-D7B11017DF7C}.Release|x64.ActiveCfg = Release|x64
		{361C628D-1A9E-42FC-B9FA-D7B11017DF7C}.Release|x64.Build.0 = Release|x64
		{361C628D-1A9E-42FC-B9FA-D7B11017DF7C}.Release|x86.ActiveCfg = Release|Win32
		{361C628D-1A9E-42FC-B9FA-D7B11017DF7C}.Release|x86.Build.0 = Release|Win32
		{C0FA121D-25D9-49E1-AB42-E27C0FA346CC}.Debug|x64.ActiveCfg = Debug|x64
		{C0FA121D-25D9-49E1-AB42-E27C0FA346CC}.Debug|x64.Build.0 = Debug|x64
		{C0FA121D-25D9-49E1-AB42-E27C0FA346CC}.Debug|x86.ActiveCfg = Debug|Win32
		{C0FA121D-25D9-49E1-AB42-E27C0FA346CC}.Debug|x86.Build.0 = Debug|Win32
		{C0FA121D-25D9-49E1-AB42-E27C0FA346CC}.Release|x64.ActiveCfg = Release|x64
		{C0FA121D-25D9-49E1-AB42-E27C0FA346CC}.Release|x64.Build.0 = Release|x64
		{C0FA121D-25D9-49E1-AB42-E27C0FA346CC}.Release|x86.ActiveCfg = Release|Win32
		{C0FA121D-25D9-49E1-AB42-E27C0FA346CC}.Release|x86.Build.0 = Release|Win32
		{1BA2237F-D175-48DE-895A-22F8320E53AF}.Debug|x64.ActiveCfg = Debug|x64
		{1BA2237F-D175-48DE-895A-22F8320E53AF}.Debug|x64.Build.0 = Debug|x64
		{1BA2237F-D175-48DE-895A-22F8320E53AF}.Debug|x86.ActiveCfg = Debug|Win32
		{1BA2237F-D175-48DE-895A-22F8320E53AF}.Debug|x86.Build.0 = Debug|Win32
		{1BA2237F-D175-48DE-895A-22F8320E53AF}.Release|x64.ActiveCfg = Release|x64
		{1BA2237F-D175-48DE-895A-22F8320E53AF}.Release|x64.Build.0 = Release|x64
		{1BA2237F-D175-48DE-895A-22F8320E53AF}.Release|x86.ActiveCfg = Release|Win32
		{1BA2237F-D175-48DE-895A-22F8320E53AF}.Release|x86.Build.0 = Release|Win32
		{74B70A68-8E4F-4FB2-8B54-0AA8A983A487}.Debug|x64.ActiveCfg = Debug|x64
		{74B70A68-8E4F-4FB2-8B54-0AA8A983A487}.Debug|x64.Build.0 = Debug|x64
		{74B70A68-8E4F-4FB2-8B54-0AA8A983A487}.Debug|x86.ActiveCfg = Debug|Win32
		{74B70A68-8E4F-4FB2-8B54-0AA8A983A487}.Debug|x86.Build.0 = Debug|Win32
		{74B70A68-8E4F-4FB2-8B54-0AA8A983A487}.Release|x64.ActiveCfg = Release|x64
		{74B70A68-8E4F-4FB2-8B54-0AA8A983A487}.Release|x64.Build.0 = Release|x64
		{74B70A68-8E4F-4FB2-8B54-0AA8A983A487}.Release|x86.ActiveCfg = Release|Win32
		{74B70A68-8E4F-4FB2-8B54-0AA8A983A487}.Release|x86.Build.0 = Release|Win32
		{519C5A0B-F061-4744-B0AB-7D38A243A486}.Debug|x64.ActiveCfg = Debug|x64
		{519C5A0B-F061-4744-B0AB-7D38A243A486}.Debug|x64.Build.0 = Debug|x64
		{519C5A0B-F061-4744-B0AB-7D38A243A486}.Debug|x86.ActiveCfg = Debug|Win32
		{519C5A0B-F061-4744-B0AB-7D38A243A486}.Debug|x86.Build.0 = Debug|Win32
		{519C5A0B-F061-4744-B0AB-7D38A243A486}.Release|x64.ActiveCfg = Release|x64
		{519C5A0B-F061-4744-B0AB-7D38A243A486}.Release|x64.Build.0 = Release|x64
		{519C5A0B-F061-4744-B0AB-7D38A243A486}.Release|x86.ActiveCfg = Release|Win32
		{519C5A0B-F061-4744-B0AB-7D38A243A486}.Release|x86.Build.0 = Release|Win32
		{DADB7FDA-613C-4BC3-8885-A8F82357AD99}.Debug|x64.ActiveCfg = Debug|x64
		{DADB7FDA-613C-4BC3-8885-A8F82357AD99}.Debug|x64.Build.0 = Debug|x64
		{DADB7FDA-613C-4BC3-8885-A8F82357AD99}.Debug|x86.ActiveCfg = Debug|Win32
		{DADB7FDA-613C-4BC3-8885-A8F82357AD99}.Debug|x86.Build.0 = Debug|Win32
		{DADB7FDA-613C-4BC3-8885-A8F82357AD99}.Release|x64.ActiveCfg = Release|x64
		{DADB7FDA-613C-4BC3-8885-A8F82357AD99}.Release|x64.Build.0 = Release|x64
		{DADB7FDA-613C-4BC3-8885-A8F82357AD99}.Release|x86.ActiveCfg = Release|Win32
		{DADB7FDA-613C-4BC3-8885-A8F82357AD99}.Release|x86.Build.0 = Release|Win32
		{D86B9827-0F9B-42DA-91EE-589869D0D3D3}.Debug|x64.ActiveCfg = Debug|x64
		{D86B9827-0F9B-42DA-91EE-589869D0D3D3}.Debug|x64.Build.0 = Debug|x64
		{D86B9827-0F9B-42DA-91EE-589869D0D3D3}.Debug|x86.ActiveCfg = Debug|Win32
		{D86B9827-0F9B-42DA-91EE-589869D0D3D3}.Debug|x86.Build.0 = Debug|Win32
		{D86B9827-0F9B-42DA-91EE-589869D0D3D3}.Release|x64.ActiveCfg = Release|x64
		{D86B9827-0F9B-42DA-91EE-589869D0D3D3}.Release|x64.Build.0 = Release|x64
		{D86B9827-0F9B-42DA-91EE-589869D0D3D3}.Release|x86.ActiveCfg = Release|Win32
		{D86B9827-0F9B-42DA-91EE-589869D0D3D3}.Release|x86.Build.0 = Release|Win32
		{6EA26B31-2147-4DD8-9D94-2F65A8B088EB}.Debug|x64.ActiveCfg = Debug|x64
		{6EA26B31-2147-4DD8-9D94-2F65A8B088EB}.Debug|x64.Build.0 = Debug|x64
		{6EA26B31-2147-4DD8-9D94-2F65A8B088EB}.Debug|x86.ActiveCfg = Debug|Win32
		{6EA26B31-2147-4DD8-9D94-2F65A8B088EB}.Debug|x86.Build.0 = Debug|Win32
		{6EA26B31-2147-4DD8-9D94-2F65A8B088EB}.Release|x64.ActiveCfg = Release|x64
		{6EA26B31-2147-4DD8-9D94-2F65A8B088EB}.Release|x64.Build.0 = Release|x64
		{6EA26B31-2147-4DD8-9D94-2F65A8B088EB}.Release|x86.ActiveCfg = Release|Win32
		{6EA26B31-2147-4DD8-9D94-2F65A8B088EB}.Release|x86.Build.0 = Release|Win32
		{4C9E99C4-4550-4586-B005-1A624D2977F7}.Debug|x64.ActiveCfg = Debug|x64
		{4C9E99C4-4550-4586-B005-1A624D2977F7}.Debug|x64.Build.0 = Debug|x64
		{4C9E99C4-4550-4586-B005-1A624D2977F7}.Debug|x86.ActiveCfg = Debug|Win32
		{4C9E99C4-4550-4586-B005-1A624D2977F7}.Debug|x86.Build.0 = Debug|Win32
		{4C9E99C4-4550-4586-B005-1A624D2977F7}.Release|x64.ActiveCfg = Release|x64
		{4C9E99C4-4550-4586-B005-1A624D2977F7}.Release|x64.Build.0 = Release|x64
		{4C9E99C4-4550-4586-B005-1A624D2977F7}.Release|x86.ActiveCfg = Release|Win32
		{4C9E99C4-4550-4586-B005-1A624D2977F7}.Release|x86.Build.0 = Release|Win32
		{5DD2DF60-B1B9-432F-87F6-B5D4A27A4218}.Debug|x64.ActiveCfg = Debug|x64
		{5DD2DF60-B1B9-432F-87F6-B5D4A27A4218}.Debug|x64.Build.0 = Debug|x64
		{5DD2DF60-B1B9-432F-87F6-B5D4A27A4218}.Debug|x86.ActiveCfg = Debug|Win32
		{5DD2DF60-B1B9-432F-87F6-B5D4A27A4218}.Debug|x86.Build.0 = Debug|Win32
		{5DD2DF60-B1B9-432F-87F6-B5D4A27A4218}.Release|x64.ActiveCfg = Release|x64
		{5DD2DF60-B1B9-432F-87F6-B5D4A27A4218}.Release|x64.Build.0 = Release|x64
		{5DD2DF60-B1B9-432F-87F6-B5D4A27A4218}.Release|x86.ActiveCfg = Release|Win32
		{5DD2DF60-B1B9-432F-87F6-B5D4A27A4218}.Release|x86.Build.0 = Release|Win32
		{5AF2A325-2C97-4AF9-8967-10FE0B51126D}.Debug|x64.ActiveCfg = Debug|x64
		{5AF2A325-2C97-4AF9-8967-10FE0B51126D}.Debug|x64.Build.0 = Debug|x64
		{5AF2A325-2C97-4AF9-8967-10FE0B51126D}.Debug|x86.ActiveCfg = Debug|Win32
		{5AF2A325-2C97-4AF9-8967-10FE0B51126D}.Debug|x86.Build.0 = Debug|Win32
		{5AF2A325-2C97-4AF9-8967-10FE0B51126D}.Release|x64.ActiveCfg = Release|x64
		{5AF2A325-2C97-4AF9-8967-10FE0B51126D}.Release|x64.Build.0 = Release|x64
		{5AF2A325-2C97-4AF9-8967-10FE0B51126D}.Release|x86.ActiveCfg = Release|Win32
		{5AF2A325-2C97-4AF9-8967-10FE0B51126D}.Release|x86.Build.0 = Release|Win32
		{DCFE85ED-4911-4649-98A4-FD994CBFF2EE}.Debug|x64.ActiveCfg = Debug|x64
		{DCFE85ED-4911-4649-98A4-FD994CBFF2EE}.Debug|x64.Build.0 = Debug|x64
		{DCFE85ED-4911-4649-98A4-FD994CBFF2EE}.Debug|x86.ActiveCfg = Debug|Win32
		{DCFE85ED-4911-4649-98A4-FD994CBFF2EE}.Debug|x86.Build.0 = Debug|Win32
		{DCFE85ED-4911-4649-98A4-FD994CBFF2EE}.Release|x64.ActiveCfg = Release|x64
		{DCFE85ED-4911-4649-98A4-FD994CBFF2EE}.Release|x64.Build.0 = Release|x64
		{DCFE85ED-4911-4649-98A4-FD994CBFF2EE}.Release|x86.ActiveCfg = Release|Win32
		{DCFE85ED-4911-4649-98A4-FD994CBFF2EE}.Release|x86.Build.0 = Release|Win32
		{F503571D-C02E-4200-941F-13EA1DA59C90}.Debug|x64.ActiveCfg = Debug|x64
		{F503571D-C02E-4200-941F-13EA1DA59C90}.Debug|x64.Build.0 = Debug|x64
		{F503571D-C02E-4200-941F-13EA1DA59C90}.Debug|x86.ActiveCfg = Debug|Win32
		{F503571D-C02E-4200-941F-13EA1DA59C90}.Debug|x86.Build.0 = Debug|Win32
		{F503571D-C02E-4200-941F-13EA1DA59C90}.Release|x64.ActiveCfg = Release|x64
		{F503571D-C02E-4200-941F-13EA1DA59C90}.Release|x64.Build.0 = Release|x64
		{F503571D-C02E-4200-941F-13EA1DA59C90}.Release|x86.ActiveCfg = Release|Win32
		{F503571D-C02E-4200-941F-13EA1DA59C90}.Release|x86.Build.0 = Release|Win32
		{19F251E4-5473-4C27-BBF1-BCC0E2E5E1C3}.Debug|x64.ActiveCfg = Debug|x64
		{19F251E4-5473-4C27-BBF1-BCC0E2E5E1C3}.Debug|x64.Build.0 = Debug|x64
		{19F251E4-5473-4C27-BBF1-BCC0E2E5E1C3}.Debug|x86.ActiveCfg = Debug|Win32
		{19F251E4-5473-4C27-BBF1-BCC0E2E5E1C3}.Debug|x86.Build.0 = Debug|Win32
		{19F251E4-5473-4C27-BBF1-BCC0E2E5E1C3}.Release|x64.ActiveCfg = Release|x64
		{19F251E4-5473-4C27-BBF1-BCC0E2E5E1C3}.Release|x64.Build.0 = Release|x64
		{19F251E4-5473-4C27-BBF1-BCC0E2E5E1C3}.Release|x86.ActiveCfg = Release|Win32
		{19F251E4-5473-4C27-BBF1-BCC0E2E5E1C3}.Release|x86.Build.0 = Release|Win32
		{CEC03A6C-ACCE-4E89-A1BE-7433377D168B}.Debug|x64.ActiveCfg = Debug|x64
		{CEC03A6C-ACCE-4E89-A1BE-7433377D168B}.Debug|x64.Build.0 = Debug|x64
		{CEC03A6C-ACCE-4E89-A1BE-7433377D168B}.Debug|x86.ActiveCfg = Debug|Win32
		{CEC03A6C-ACCE-4E89-A1BE-7433377D168B}.Debug|x86.Build.0 = Debug|Win32
		{CEC03A6C-ACCE-4E89-A1BE-7433377D168B}.Release|x64.ActiveCfg = Release|x64
		{CEC03A6C-ACCE-4E89-A1BE-7433377D168B}.Release|x64.Build.0 = Release|x64
		{CEC03A6C-ACCE-4E89-A1BE-7433377D168B}.Release|x86.ActiveCfg = Release|Win32
		{CEC03A6C-ACCE-4E89-A1BE-7433377D168B}.Release|x86.Build.0 = Release|Win32
		{4D40969E-1135-41CB-904E-656B3B66B16E}.Debug|x64.ActiveCfg = Debug|x64
		{4D40969E-1135-41CB-904E-656B3B66B16E}.Debug|x64.Build.0 = Debug|x64
		{4D40969E-1135-41CB-904E-656B3B66B16E}.Debug|x86.ActiveCfg = Debug|Win32
		{4D40969E-1135-41CB-904E-656B3B66B16E}.Debug|x86.Build.0 = Debug|Win32
		{4D40969E-1135-41CB-904E-656B3B66B16E}.Release|x64.ActiveCfg = Release|x64
		{4D40969E-1135-41CB-904E-656B3B66B16E}.Release|x64.Build.0 = Release|x64
		{4D40969E-1135-41CB-904E-656B3B66B16E}.Release|x86.ActiveCfg = Release|Win32
		{4D40969E-1135-41CB-904E-656B3B66B16E}.Release|x86.Build.0 = Release|Win32
		{371CC80E-A8E0-44B5-B622-6BB14132CDEE}.Debug|x64.ActiveCfg = Debug|x64
		{371CC80E-A8E0-44B5-B622-6BB14132CDEE}.Debug|x64.Build.0 = Debug|x64
		{371CC80E-A8E0-44B5-B622-6BB14132CDEE}.Debug|x86.ActiveCfg = Debug|Win32
		{371CC80E-A8E0-44B5-B622-6BB14132CDEE}.Debug|x86.Build.0 = Debug|Win32
		{371CC80E-A8E0-44B5-B622-6BB14132CDEE}.Release|x64.ActiveCfg = Release|x64
		{371CC80E-A8E0-44B5-B622-6BB14132CDEE}.Release|x64.Build.0 = Release|x64
		{371CC80E-A8E0-44B5-B622-6BB14132CDEE}.Release|x86.ActiveCfg = Release|Win32
		{371CC80E-A8E0-44B5-B622-6BB14132CDEE}.Release|x86.Build.0 = Release|Win32
		{D36D2D34-3690-4025-8850-F6CA0EDF4040}.Debug|x64.ActiveCfg = Debug|x64
		{D36D2D34-3690-4025-8850-F6CA0EDF4040}.Debug|x64.Build.0 = Debug|x64
		{D36D2D34-3690-4025-8850-F6CA0EDF4040}.Debug|x86.ActiveCfg = Debug|Win32
		{D36D2D34-3690-4025-8850-F6CA0EDF4040}.Debug|x86.Build.0 = Debug|Win32
		{D36D2D34-3690-4025-8850-F6CA0EDF4040}.Release|x64.ActiveCfg = Release|x64
		{D36D2D34-3690-4025-8850-F6CA0EDF4040}.Release|x64.Build.0 = Release|x64
		{D36D2D34-3690-4025-8850-F6CA0EDF4040}.Release|x86.ActiveCfg = Release|Win32
		{D36D2D34-3690-4025-8850-F6CA0EDF4040}.Release|x86.Build.0 = Release|Win32
		{C0FAD90C-F313-4835-92F1-49F276C753BC}.Debug|x64.ActiveCfg = Debug|x64
		{C0FAD90C-F313-4835-92F1-49F276C753BC}.Debug|x64.Build.0 = Debug|x64
		{C0FAD90C-F313-4835-92F1-49F276C753BC}.Debug|x86.ActiveCfg = Debug|Win32
		{C0FAD90C-F313-4835-92F1-49F276C753BC}.Debug|x86.Build.0 = Debug|Win32
		{C0FAD90C-F313-4835-92F1-49F276C753BC}.Release|x64.ActiveCfg = Release|x64
		{C0FAD90C-F313-4835-92F1-49F276C753BC}.Release|x64.Build.0 = Release|x64
		{C0FAD90C-F313-4835-92F1-49F276C753BC}.Release|x86.ActiveCfg = Release|Win32
		{C0FAD90C-F313-4835-92F1-49F276C753BC}.Release|x86.Build.0 = Release|Win32
		{511537F4-6D5A-4828-B52D-D19DA858494F}.Debug|x64.ActiveCfg = Debug|x64
		{511537F4-6D5A-4828-B52D-D19DA858494F}.Debug|x64.Build.0 = Debug|x64
		{511537F4-6D5A-4828-B52D-D19DA858494F}.Debug|x86.ActiveCfg = Debug|Win32
		{511537F4-6D5A-4828-B52D-D19DA858494F}.Debug|x86.Build.0 = Debug|Win32
		{511537F4-6D5A-4828-B52D-D19DA858494F}.Release|x64.ActiveCfg = Release|x64
		{511537F4-6D5A-4828-B52D-D19DA858494F}.Release|x64.Build.0 = Release|x64
		{511537F4-6D5A-4828-B52D-D19DA858494F}.Release|x86.ActiveCfg = Release|Win32
		{511537F4-6D5A-4828-B52D-D19DA858494F}.Release|x86.Build.0 = Release|Win32
		{650F52C7-4A47-4A54-BB27-42A37588D501}.Debug|x64.ActiveCfg = Debug|x64
		{650F52C7-4A47-4A54-BB27-42A37588D501}.Debug|x64.Build.0 = Debug|x64
		{650F52C7-4A47-4A54-BB27-42A37588D501}.Debug|x86.ActiveCfg = Debug|Win32
		{650F52C7-4A47-4A54-BB27-42A37588D501}.Debug|x86.Build.0 = Debug|Win32
		{650F52C7-4A47-4A54-BB27-42A37588D501}.Release|x64.ActiveCfg = Release|x64
		{650F52C7-4A47-4A54-BB27-42A37588D501}.Release|x64.Build.0 = Release|x64
		{650F52C7-4A47-4A54-BB27-42A37588D501}.Release|x86.ActiveCfg = Release|Win32
		{650F52C7-4A47-4A54-BB27-42A37588D501}.Release|x86.Build.0 = Release|Win32
		{991089CF-7D72-4875-AD06-EFA51CDDAD38}.Debug|x64.ActiveCfg = Debug|x64
		{991089CF-7D72-4875-AD06-EFA51CDDAD38}.Debug|x64.Build.0 = Debug|x64
		{991089CF-7D72-4875-AD06-EFA51CDDAD38}.Debug|x86.ActiveCfg = Debug|Win32
		{991089CF-7D72-4875-AD06-EFA51CDDAD38}.Debug|x86.Build.0 = Debug|Win32
		{991089CF-7D72-4875-AD06-EFA51CDDAD38}.Release|x64.ActiveCfg = Release|x64
		{991089CF-7D72-4875-AD06-EFA51CDDAD38}.Release|x64.Build.0 = Release|x64
		{991089CF-7D72-4875-AD06-EFA51CDDAD38}.Release|x86.ActiveCfg = Release|Win32
		{991089CF-7D72-4875-AD06-EFA51CDDAD38}.Release|x86.Build.0 = Release|Win32
		{B7547568-F12A-4251-9C4B-791677259127}.Debug|x64.ActiveCfg = Debug|x64
		{B7547568-F12A-4251-9C4B-791677259127}.Debug|x64.Build.0 = Debug|x64
		{B7547568-F12A-4251-9C4B-791677259127}.Debug|x86.ActiveCfg = Debug|Win32
		{B7547568-F12A-4251-9C4B-791677259127}.Debug|x86.Build.0 = Debug|Win32
		{B7547568-F12A-4251-9C4B-791677259127}.Release|x64.ActiveCfg = Release|x64
		{B7547568-F12A-4251-9C4B-791677259127}.Release|x64.Build.0 = Release|x64
		{B7547568-F12A-4251-9C4B-791677259127}.Release|x86.ActiveCfg = Release|Win32
		{B7547568-F12A-4251-9C4B-791677259127}.Release|x86.Build.0 = Release|Win32
		{C4CEE768-2C39-4B41-B746-97D62776B33B}.Debug|x64.ActiveCfg = Debug|x64
		{C4CEE768-2C39-4B41-B746-97D62776B33B}.Debug|x64.Build.0 = Debug|x64
		{C4CEE768-2C39-4B41-B746-97D62776B33B}.Debug|x86.ActiveCfg = Debug|Win32
		{C4CEE768-2C39-4B41-B746-97D62776B33B}.Debug|x86.Build.0 = Debug|Win32
		{C4CEE768-2C39-4B41-B746-97D62776B33B}.Release|x64.ActiveCfg = Release|x64
		{C4CEE768-2C39-4B41-B746-97D62776B33B}.Release|x64.Build.0 = Release|x64
		{C4CEE768-2C39-4B41-B746-97D62776B33B}.Release|x86.ActiveCfg = Release|Win32
		{C4CEE768-2C39-4B41-B746-97D62776B33B}.Release|x86.Build.0 = Release|Win32
		{D65611DE-55CA-481B-9D36-2952740F1D06}.Debug|x64.ActiveCfg = Debug|x64
		{D65611DE-55CA-481B-9D36-2952740F1D06}.Debug|x64.Build.0 = Debug|x64
		{D65611DE-55CA-481B-9D36-2952740F1D06}.Debug|x86.ActiveCfg = Debug|Win32
		{D65611DE-55CA-481B-9D36-2952740F1D06}.Debug|x86.Build.0 = Debug|Win32
		{D65611DE-55CA-481B-9D36-2952740F1D06}.Release|x64.ActiveCfg = Release|x64
		{D65611DE-55CA-481B-9D36-2952740F1D06}.Release|x64.Build.0 = Release|x64
		{D65611DE-55CA-481B-9D36-2952740F1D06}.Release|x86.ActiveCfg = Release|Win32
		{D65611DE-55CA-481B-9D36-2952740F1D06}.Release|x86.Build.0 = Release|Win32
		{8256D972-DA39-401F-8BB4-3CB9054204A0}.Debug|x64.ActiveCfg = Debug|x64
		{8256D972-DA39-401F-8BB4-3CB9054204A0}.Debug|x64.Build.0 = Debug|x64
		{8256D972-DA39-401F-8BB4-3CB9054204A0}.Debug|x86.ActiveCfg = Debug|Win32
		{8256D972-DA39-401F-8BB4-3CB9054204A0}.Debug|x86.Build.0 = Debug|Win32
		{8256D972-DA39-401F-8BB4-3CB9054204A0}.Release|x64.ActiveCfg = Release|x64
		{8256D972-DA39-401F-8BB4-3CB9054204A0}.Release|x64.Build.0 = Release|x64
		{8256D972-DA39-401F-8BB4-3CB9054204A0}.Release|x86.ActiveCfg = Release|Win32
		{8256D972-DA39-401F-8BB4-3CB9054204A0}.Release|x86.Build.0 = Release|Win32
		{42F4E4F3-C0C8-426F-81EA-FAB0C26D128E}.Debug|x64.ActiveCfg = Debug|x64
		{42F4E4F3-C0C8-426F-81EA-FAB0C26D128E}.Debug|x64.Build.0 = Debug|x64
		{42F4E4F3-C0C8-426F-81EA-FAB0C26D128E}.Debug|x86.ActiveCfg = Debug|Win32
		{42F4E4F3-C0C8-426F-81EA-FAB0C26D128E}.Debug|x86.Build.0 = Debug|Win32
		{42F4E4F3-C0C8-426F-81EA-FAB0C26D128E}.Release|x64.ActiveCfg = Release|x64
		{42F4E4F3-C0C8-426F-81EA-FAB0C26D128E}.Release|x64.Build.0 = Release|x64
		{42F4E4F3-C0C8-426F-81EA-FAB0C26D128E}.Release|x86.ActiveCfg = Release|Win32
		{42F4E4F3-C0C8-426F-81EA-FAB0C26D128E}.Release|x86.Build.0 = Release|Win32
		{4CAA1DB6-6850-4810-90AC-FEE490947587}.Debug|x64.ActiveCfg = Debug|x64
		{4CAA1DB6-6850-4810-90AC-FEE490947587}.Debug|x64.Build.0 = Debug|x64
		{4CAA1DB6-6850-4810-90AC-FEE490947587}.Debug|x86.ActiveCfg = Debug|Win32
		{4CAA1DB6-6850-4810-90AC-FEE490947587}.Debug|x86.Build.0 = Debug|Win32
		{4CAA1DB6-6850-4810-90AC-FEE490947587}.Release|x64.ActiveCfg = Release|x64
		{4CAA1DB6-6850-4810-90AC-FEE490947587}.Release|x64.Build.0 = Release|x64
		{4CAA1DB6-6850-4810-90AC-FEE490947587}.Release|x86.ActiveCfg = Release|Win32
		{4CAA1DB6-6850-4810-90AC-FEE490947587}.Release|x86.Build.0 = Release|Win32
		{A8DC74A9-AEB8-446C-8E28-44472E0D860C}.Debug|x64.ActiveCfg = Debug|x64
		{A8DC74A9-AEB8-446C-8E28-44472E0D860C}.Debug|x64.Build.0 = Debug|x64
		{A8DC74A9-AEB8-446C-8E28-44472E0D860C}.Debug|x86.ActiveCfg = Debug|Win32
		{A8DC74A9-AEB8-446C-8E28-44472E0D860C}.Debug|x86.Build.0 = Debug|Win32
		{A8DC74A9-AEB8-446C-8E28-44472E0D860C}.Release|x64.ActiveCfg = Release|x64
		{A8DC74A9-AEB8-446C-8E28-44472E0D860C}.Release|x64.Build.0 = Release|x64
		{A8DC74A9-AEB8-446C-8E28-44472E0D860C}.Release|x86.ActiveCfg = Release|Win32
		{A8DC74A9-AEB8-446C-8E28-44472E0D860C}.Release|x86.Build.0 = Release|Win32
		{7E451ABF-B3F5-4997-9E53-A5D577052B38}.Debug|x64.ActiveCfg = Debug|x64
		{7E451ABF-B3F5-4997-9E53-A5D577052B38}.Debug|x64.Build.0 = Debug|x64
		{7E451ABF-B3F5-4997-9E53-A5D577052B38}.Debug|x86.ActiveCfg = Debug|Win32
		{7E451ABF-B3F5-4997-9E53-A5D577052B38}.Debug|x86.Build.0 = Debug|Win32
		{7E451ABF-B3F5-4997-9E53-A5D577052B38}.Release|x64.ActiveCfg = Release|x64
		{7E451ABF-B3F5-4997-9E53-A5D577052B38}.Release|x64.Build.0 = Release|x64
		{7E451ABF-B3F5-4997-9E53-A5D577052B38}.Release|x86.ActiveCfg = Release|Win32
		{7E451ABF-B3F5-4997-9E53-A5D577052B38}.Release|x86.Build.0 = Release|Win32
		{C53DBF99-B0F9-44C9-93BF-5081A45B0AE8}.Debug|x64.ActiveCfg = Debug|x64
		{C53DBF99-B0F9-44C9-93BF-5081A45B0AE8}.Debug|x64.Build.0 = Debug|x64
		{C53DBF99-B0F9-44C9-93BF-5081A45B0AE8}.Debug|x86.ActiveCfg = Debug|Win32
		{C53DBF99-B0F9-44C9-93BF-5081A45B0AE8}.Debug|x86.Build.0 = Debug|Win32
		{C53DBF99-B0F9-44C9-93BF-5081A45B0AE8}.Release|x64.ActiveCfg = Release|x64
		{C53DBF99-B0F9-44C9-93BF-5081A45B0AE8}.Release|x64.Build.0 = Release|x64
		{C53DBF99-B0F9-44C9-93BF-5081A45B0AE8}.Release|x86.ActiveCfg = Release|Win32
		{C53DBF99-B0F9-44C9-93BF-5081A45B0AE8}.Release|x86.Build.0 = Release|Win32
		{C9460871-750B-442D-B76C-D44192E961D4}.Debug|x64.ActiveCfg = Debug|x64
		{C9460871-750B-442D-B76C-D44192E961D4}.Debug|x64.Build.0 = Debug|x64
		{C9460871-750B-442D-B76C-D44192E961D4}.Debug|x86.ActiveCfg = Debug|Win32
		{C9460871-750B-442D-B76C-D44192E961D4}.Debug|x86.Build.0 = Debug|Win32
		{C9460871-750B-442D-B76C-D44192E961D4}.Release|x64.ActiveCfg = Release|x64
		{C9460871-750B-442D-B76C-D44192E961D4}.Release|x64.Build.0 = Release|x64
		{C9460871-750B-442D-B76C-D44192E961D4}.Release|x86.ActiveCfg = Release|Win32
		{C9460871-750B-442D-B76C-D44192E961D4}.Release|x86.Build.0 = Release|Win32
		{13908409-1DDE-409D-B157-0E4B096AE0D2}.Debug|x64.ActiveCfg = Debug|x64
		{13908409-1DDE-409D-B157-0E4B096AE0D2}.Debug|x64.Build.0 = Debug|x64
		{13908409-1DDE-409D-B157-0E4B096AE0D2}.Debug|x86.ActiveCfg = Debug|Win32
		{13908409-1DDE-409D-B157-0E4B096AE0D2}.Debug|x86.Build.0 = Debug|Win32
		{13908409-1DDE-409D-B157-0E4B096AE0D2}.Release|x64.ActiveCfg = Release|x64
		{13908409-1DDE-409D-B157-0E4B096AE0D2}.Release|x64.Build.0 = Release|x64
		{13908409-1DDE-409D-B157-0E4B096AE0D2}.Release|x86.ActiveCfg = Release|Win32
		{13908409-1DDE-409D-B157-0E4B096AE0D2}.Release|x86.Build.0 = Release|Win32
		{ADF01BB0-5D02-447F-901B-D090C0E6064E}.Debug|x64.ActiveCfg = Debug|x64
		{ADF01BB0-5D02-447F-901B-D090C0E6064E}.Debug|x64.Build.0 = Debug|x64
		{ADF01BB0-5D02-447F-901B-D090C0E6064E}.Debug|x86.ActiveCfg = Debug|Win32
		{ADF01BB0-5D02-447F-901B-D090C0E6064E}.Debug|x86.Build.0 = Debug|Win32
		{ADF01BB0-5D02-447F-901B-D090C0E6064E}.Release|x64.ActiveCfg = Release|x64
		{ADF01BB0-5D02-447F-901B-D090C0E6064E}.Release|x64.Build.0 = Release|x64
		{ADF01BB0-5D02-447F-901B-D090C0E6064E}.Release|x86.ActiveCfg = Release|Win32
		{ADF01BB0-5D02-447F-901B-D090C0E6064E}.Release|x86.Build.0 = Release|Win32
		{4093FFFA-FCE1-457D-AEAC-C4BEF6BECECF}.Debug|x64.ActiveCfg = Debug|x64
		{4093FFFA-FCE1-457D-AEAC-C4BEF6BECECF}.Debug|x64.Build.0 = Debug|x64
		{4093FFFA-FCE1-457D-AEAC-C4BEF6BECECF}.Debug|x86.ActiveCfg = Debug|Win32
		{4093FFFA-FCE1-457D-AEAC-C4BEF6BECECF}.Debug|x86.Build.0 = Debug|Win32
		{4093FFFA-FCE1-457D-AEAC-C4BEF6BECECF}.Release|x64.ActiveCfg = Release|x64
		{4093FFFA-FCE1-457D-AEAC-C4BEF6BECECF}.Release|x64.Build.0 = Release|x64
		{4093FFFA-FCE1-457D-AEAC-C4BEF6BECECF}.Release|x86.ActiveCfg = Release|Win32
		{4093FFFA-FCE1-457D-AEAC-C4BEF6BECECF}.Release|x86.Build.0 = Release|Win32
		{EE9577B2-B4DF-459A-BAE5-DACCB1041F4A}.Debug|x64.ActiveCfg = Debug|x64
		{EE9577B2-B4DF-459A-BAE5-DACCB1041F4A}.Debug|x64.Build.0 = Debug|x64
		{EE9577B2-B4DF-459A-BAE5-DACCB1041F4A}.Debug|x86.ActiveCfg = Debug|Win32
		{EE9577B2-B4DF-459A-BAE5-DACCB1041F4A}.Debug|x86.Build.0 = Debug|Win32
		{EE9577B2-B4DF-459A-BAE5-DACCB1041F4A}.Release|x64.ActiveCfg = Release|x64
		{EE9577B2-B4DF-459A-BAE5-DACCB1041F4A}.Release|x64.Build.0 = Release|x64
		{EE9577B2-B4DF-459A-BAE5-DACCB1041F4A}.Release|x86.ActiveCfg = Release|Win32
		{EE9577B2-B4DF-459A-BAE5-DACCB1041F4A}.Release|x86.Build.0 = Release|Win32
		{40E07127-472A-4EBF-8035-C41BD71F0A08}.Debug|x64.ActiveCfg = Debug|x64
		{40E07127-472A-4EBF-8035-C41BD71F0A08}.Debug|x64.Build.0 = Debug|x64
		{40E07127-472A-4EBF-8035-C41BD71F0A08}.Debug|x86.ActiveCfg = Debug|Win32
		{40E07127-472A-4EBF-8035-C41BD71F0A08}.Debug|x86.Build.0 = Debug|Win32
		{40E07127-472A-4EBF-8035-C41BD71F0A08}.Release|x64.ActiveCfg = Release|x64
		{40E07127-472A-4EBF-8035-C41BD71F0A08}.Release|x64.Build.0 = Release|x64
		{40E07127-472A-4EBF-8035-C41BD71F0A08}.Release|x86.ActiveCfg = Release|Win32
		{40E07127-472A-4EBF-8035-C41BD71F0A08}.Release|x86.Build.0 = Release|Win32
	EndGlobalSection
	GlobalSection(SolutionProperties) = preSolution
		HideSolutionNode = FALSE
	EndGlobalSection
	GlobalSection(NestedProjects) = preSolution
		{E6A276D9-A8F5-4610-867E-5DB0C83D509E} = {ABE2B2B8-7634-4DFF-AFFC-74CA7C722C01}
		{E85581F0-42D8-43ED-8A28-26369B8D4A46} = {8E6EFC78-2FE2-4CFB-B9A2-95705FBFEA3B}
		{2C6528AE-A342-468B-B702-F1350F2FD5CC} = {ABE2B2B8-7634-4DFF-AFFC-74CA7C722C01}
		{1A09BC6E-847C-4CFA-92E9-92F2989CC5D5} = {8E6EFC78-2FE2-4CFB-B9A2-95705FBFEA3B}
		{C0FA121D-25D9-49E1-AB42-E27C0FA346CC} = {ABE2B2B8-7634-4DFF-AFFC-74CA7C722C01}
		{519C5A0B-F061-4744-B0AB-7D38A243A486} = {ABE2B2B8-7634-4DFF-AFFC-74CA7C722C01}
		{6EA26B31-2147-4DD8-9D94-2F65A8B088EB} = {ABE2B2B8-7634-4DFF-AFFC-74CA7C722C01}
		{4C9E99C4-4550-4586-B005-1A624D2977F7} = {8E6EFC78-2FE2-4CFB-B9A2-95705FBFEA3B}
		{19F251E4-5473-4C27-BBF1-BCC0E2E5E1C3} = {8E6EFC78-2FE2-4CFB-B9A2-95705FBFEA3B}
		{CEC03A6C-ACCE-4E89-A1BE-7433377D168B} = {ABE2B2B8-7634-4DFF-AFFC-74CA7C722C01}
		{4D40969E-1135-41CB-904E-656B3B66B16E} = {ABE2B2B8-7634-4DFF-AFFC-74CA7C722C01}
		{D36D2D34-3690-4025-8850-F6CA0EDF4040} = {ABE2B2B8-7634-4DFF-AFFC-74CA7C722C01}
		{B7547568-F12A-4251-9C4B-791677259127} = {8E6EFC78-2FE2-4CFB-B9A2-95705FBFEA3B}
		{42F4E4F3-C0C8-426F-81EA-FAB0C26D128E} = {8E6EFC78-2FE2-4CFB-B9A2-95705FBFEA3B}
		{7E451ABF-B3F5-4997-9E53-A5D577052B38} = {B62B9522-FE81-4ADF-BCE4-0ED08D55F738}
		{4093FFFA-FCE1-457D-AEAC-C4BEF6BECECF} = {5A6401DD-6C80-40EA-B18F-B1CB38705FEA}
		{EE9577B2-B4DF-459A-BAE5-DACCB1041F4A} = {5A6401DD-6C80-40EA-B18F-B1CB38705FEA}
	EndGlobalSection
	GlobalSection(ExtensibilityGlobals) = postSolution
		SolutionGuid = {8E275C7B-39D5-4486-8838-C87EF999785C}
	EndGlobalSection
EndGlobal
